// !$*UTF8*$!
{
	archiveVersion = 1;
	classes = {
	};
	objectVersion = 50;
	objects = {

/* Begin PBXBuildFile section */
		0232007E49050BE6D08E6E69 /* Pods_MapITTests.framework in Frameworks */ = {isa = PBXBuildFile; fileRef = 1358F4EB33C668A4B061574E /* Pods_MapITTests.framework */; };
		491169112254563200347310 /* AppDelegate.swift in Sources */ = {isa = PBXBuildFile; fileRef = 491169102254563200347310 /* AppDelegate.swift */; };
		491169132254563200347310 /* ViewController.swift in Sources */ = {isa = PBXBuildFile; fileRef = 491169122254563200347310 /* ViewController.swift */; };
		491169162254563200347310 /* Main.storyboard in Resources */ = {isa = PBXBuildFile; fileRef = 491169142254563200347310 /* Main.storyboard */; };
		491169192254563200347310 /* MapIT.xcdatamodeld in Sources */ = {isa = PBXBuildFile; fileRef = 491169172254563200347310 /* MapIT.xcdatamodeld */; };
		4911691B2254563800347310 /* Assets.xcassets in Resources */ = {isa = PBXBuildFile; fileRef = 4911691A2254563800347310 /* Assets.xcassets */; };
		4911691E2254563800347310 /* LaunchScreen.storyboard in Resources */ = {isa = PBXBuildFile; fileRef = 4911691C2254563800347310 /* LaunchScreen.storyboard */; };
		4911692B22545D0800347310 /* MRTabBarViewController.swift in Sources */ = {isa = PBXBuildFile; fileRef = 4911692A22545D0800347310 /* MRTabBarViewController.swift */; };
		4911692E2254614600347310 /* UIImage+Extension.swift in Sources */ = {isa = PBXBuildFile; fileRef = 4911692D2254614600347310 /* UIImage+Extension.swift */; };
		491169302254629700347310 /* Lobby.storyboard in Resources */ = {isa = PBXBuildFile; fileRef = 4911692F2254629700347310 /* Lobby.storyboard */; };
		49116932225462E800347310 /* Profile.storyboard in Resources */ = {isa = PBXBuildFile; fileRef = 49116931225462E800347310 /* Profile.storyboard */; };
		491169342254633400347310 /* Mapping.storyboard in Resources */ = {isa = PBXBuildFile; fileRef = 491169332254633400347310 /* Mapping.storyboard */; };
		491169362254634800347310 /* Notification.storyboard in Resources */ = {isa = PBXBuildFile; fileRef = 491169352254634800347310 /* Notification.storyboard */; };
		491169382254639300347310 /* Record.storyboard in Resources */ = {isa = PBXBuildFile; fileRef = 491169372254639300347310 /* Record.storyboard */; };
		4911693A2254644500347310 /* LobbyViewController.swift in Sources */ = {isa = PBXBuildFile; fileRef = 491169392254644500347310 /* LobbyViewController.swift */; };
		4911693C2254645500347310 /* RecordViewController.swift in Sources */ = {isa = PBXBuildFile; fileRef = 4911693B2254645400347310 /* RecordViewController.swift */; };
		4911693F2254647400347310 /* MappingViewController.swift in Sources */ = {isa = PBXBuildFile; fileRef = 4911693E2254647400347310 /* MappingViewController.swift */; };
		491169412254648200347310 /* NotificationViewController.swift in Sources */ = {isa = PBXBuildFile; fileRef = 491169402254648200347310 /* NotificationViewController.swift */; };
		491169432254648F00347310 /* ProfileViewController.swift in Sources */ = {isa = PBXBuildFile; fileRef = 491169422254648F00347310 /* ProfileViewController.swift */; };
		491169452254653100347310 /* UIStoryboard+Extension.swift in Sources */ = {isa = PBXBuildFile; fileRef = 491169442254653100347310 /* UIStoryboard+Extension.swift */; };
		491169472254879B00347310 /* UIColor+Extension.swift in Sources */ = {isa = PBXBuildFile; fileRef = 491169462254879B00347310 /* UIColor+Extension.swift */; };
		491169492254893E00347310 /* CAGradientLayer+Extension.swift in Sources */ = {isa = PBXBuildFile; fileRef = 491169482254893E00347310 /* CAGradientLayer+Extension.swift */; };
		4911694B225489EC00347310 /* Navigation+Extension.swift in Sources */ = {isa = PBXBuildFile; fileRef = 4911694A225489EC00347310 /* Navigation+Extension.swift */; };
		4911694D22583E0200347310 /* AlertController.swift in Sources */ = {isa = PBXBuildFile; fileRef = 4911694C22583E0200347310 /* AlertController.swift */; };
		4911694F22583E2400347310 /* NavigationView.swift in Sources */ = {isa = PBXBuildFile; fileRef = 4911694E22583E2400347310 /* NavigationView.swift */; };
		4911695422583FFD00347310 /* JGProgressHUDWrapper.swift in Sources */ = {isa = PBXBuildFile; fileRef = 4911695322583FFD00347310 /* JGProgressHUDWrapper.swift */; };
		4911695622584C9000347310 /* MBProgressHUDWrapper.swift in Sources */ = {isa = PBXBuildFile; fileRef = 4911695522584C9000347310 /* MBProgressHUDWrapper.swift */; };
		4911695B2258911B00347310 /* RecordListCViewController.swift in Sources */ = {isa = PBXBuildFile; fileRef = 491169592258911B00347310 /* RecordListCViewController.swift */; };
		494EB3592258D1AB00ECCA72 /* AddLocationCViewController.swift in Sources */ = {isa = PBXBuildFile; fileRef = 494EB3582258D1AB00ECCA72 /* AddLocationCViewController.swift */; };
		494EB35B2258D55D00ECCA72 /* StoredMapCViewController.swift in Sources */ = {isa = PBXBuildFile; fileRef = 494EB35A2258D55D00ECCA72 /* StoredMapCViewController.swift */; };
		494EB3612259023900ECCA72 /* RouteTableViewCell.swift in Sources */ = {isa = PBXBuildFile; fileRef = 494EB35F2259023900ECCA72 /* RouteTableViewCell.swift */; };
		494EB3622259023900ECCA72 /* RouteTableViewCell.xib in Resources */ = {isa = PBXBuildFile; fileRef = 494EB3602259023900ECCA72 /* RouteTableViewCell.xib */; };
		494EB36422599D1700ECCA72 /* UITableView+Extension.swift in Sources */ = {isa = PBXBuildFile; fileRef = 494EB36322599D1700ECCA72 /* UITableView+Extension.swift */; };
		494EB36A2259BE2500ECCA72 /* UICollectionView+Extension.swift in Sources */ = {isa = PBXBuildFile; fileRef = 494EB3692259BE2500ECCA72 /* UICollectionView+Extension.swift */; };
		494EB36E2259C28000ECCA72 /* RoutePictureCollectionViewCell.swift in Sources */ = {isa = PBXBuildFile; fileRef = 494EB36C2259C28000ECCA72 /* RoutePictureCollectionViewCell.swift */; };
		494EB36F2259C28000ECCA72 /* RoutePictureCollectionViewCell.xib in Resources */ = {isa = PBXBuildFile; fileRef = 494EB36D2259C28000ECCA72 /* RoutePictureCollectionViewCell.xib */; };
		494EB37B225A1D7E00ECCA72 /* AddLocationNameCollectionViewCell.swift in Sources */ = {isa = PBXBuildFile; fileRef = 494EB379225A1D7E00ECCA72 /* AddLocationNameCollectionViewCell.swift */; };
		494EB37C225A1D7E00ECCA72 /* AddLocationNameCollectionViewCell.xib in Resources */ = {isa = PBXBuildFile; fileRef = 494EB37A225A1D7E00ECCA72 /* AddLocationNameCollectionViewCell.xib */; };
		494EB387225A221900ECCA72 /* AddPictureMethodCollectionViewCell.swift in Sources */ = {isa = PBXBuildFile; fileRef = 494EB385225A221900ECCA72 /* AddPictureMethodCollectionViewCell.swift */; };
		494EB388225A221900ECCA72 /* AddPictureMethodCollectionViewCell.xib in Resources */ = {isa = PBXBuildFile; fileRef = 494EB386225A221900ECCA72 /* AddPictureMethodCollectionViewCell.xib */; };
		494EB3AB225AF10B00ECCA72 /* AccessPhoto.swift in Sources */ = {isa = PBXBuildFile; fileRef = 494EB3AA225AF10B00ECCA72 /* AccessPhoto.swift */; };
		496111C6226EBADB00624802 /* EditTravelCViewController.swift in Sources */ = {isa = PBXBuildFile; fileRef = 496111C5226EBADB00624802 /* EditTravelCViewController.swift */; };
		496111CC2274153A00624802 /* NotificationCenter+Extension.swift in Sources */ = {isa = PBXBuildFile; fileRef = 496111CB2274153A00624802 /* NotificationCenter+Extension.swift */; };
		4977969C228549660087C575 /* RecordDetailSeciton.swift in Sources */ = {isa = PBXBuildFile; fileRef = 4977969B228549660087C575 /* RecordDetailSeciton.swift */; };
		497796F122894ADA0087C575 /* MapITTests.swift in Sources */ = {isa = PBXBuildFile; fileRef = 497796F022894ADA0087C575 /* MapITTests.swift */; };
		497A057A225D97640010D142 /* SharedOptionViewController.swift in Sources */ = {isa = PBXBuildFile; fileRef = 497A0579225D97640010D142 /* SharedOptionViewController.swift */; };
		497A057F225DD8C30010D142 /* ProfileCollectionViewCell.swift in Sources */ = {isa = PBXBuildFile; fileRef = 497A057D225DD8C30010D142 /* ProfileCollectionViewCell.swift */; };
		497A0580225DD8C30010D142 /* ProfileCollectionViewCell.xib in Resources */ = {isa = PBXBuildFile; fileRef = 497A057E225DD8C30010D142 /* ProfileCollectionViewCell.xib */; };
		497A0582225DF2990010D142 /* SignInViewController.swift in Sources */ = {isa = PBXBuildFile; fileRef = 497A0581225DF2990010D142 /* SignInViewController.swift */; };
		497A0586225DF7E50010D142 /* LoginContainerViewController.swift in Sources */ = {isa = PBXBuildFile; fileRef = 497A0585225DF7E50010D142 /* LoginContainerViewController.swift */; };
		497A0588225DF7FE0010D142 /* SignUpContainerViewController.swift in Sources */ = {isa = PBXBuildFile; fileRef = 497A0587225DF7FE0010D142 /* SignUpContainerViewController.swift */; };
		497A05DD2266C2420010D142 /* PlaceAnnotation.swift in Sources */ = {isa = PBXBuildFile; fileRef = 497A05DC2266C2420010D142 /* PlaceAnnotation.swift */; };
		497AC91A22680110005E8856 /* FormatDisplay.swift in Sources */ = {isa = PBXBuildFile; fileRef = 497AC91922680110005E8856 /* FormatDisplay.swift */; };
		497AC91C22680129005E8856 /* LocationManager.swift in Sources */ = {isa = PBXBuildFile; fileRef = 497AC91B22680129005E8856 /* LocationManager.swift */; };
		497AC91E22680143005E8856 /* GradientPathRenderer.swift in Sources */ = {isa = PBXBuildFile; fileRef = 497AC91D22680143005E8856 /* GradientPathRenderer.swift */; };
		497AC92622687D90005E8856 /* Coordinate.swift in Sources */ = {isa = PBXBuildFile; fileRef = 497AC92522687D90005E8856 /* Coordinate.swift */; };
		497AC92C22698A74005E8856 /* NormalPictureCollectionViewCell.swift in Sources */ = {isa = PBXBuildFile; fileRef = 497AC92A22698A74005E8856 /* NormalPictureCollectionViewCell.swift */; };
		497AC92D22698A74005E8856 /* NormalPictureCollectionViewCell.xib in Resources */ = {isa = PBXBuildFile; fileRef = 497AC92B22698A74005E8856 /* NormalPictureCollectionViewCell.xib */; };
		497F3C85227BC7DA001D12C3 /* MapKit.framework in Frameworks */ = {isa = PBXBuildFile; fileRef = 497F3C84227BC7D9001D12C3 /* MapKit.framework */; };
		497F3C87227D5CF2001D12C3 /* MapMark.gif in Resources */ = {isa = PBXBuildFile; fileRef = 497F3C86227D5CF2001D12C3 /* MapMark.gif */; };
		497F3C89227D5D49001D12C3 /* UIImage+GIF.swift in Sources */ = {isa = PBXBuildFile; fileRef = 497F3C88227D5D49001D12C3 /* UIImage+GIF.swift */; };
		497F3C8B227D6BB6001D12C3 /* CameraLottieFiles.json in Resources */ = {isa = PBXBuildFile; fileRef = 497F3C8A227D6BB4001D12C3 /* CameraLottieFiles.json */; };
		4981D1B1227DBC8E00D24ED6 /* RecordCollectionViewCell.swift in Sources */ = {isa = PBXBuildFile; fileRef = 4981D1AF227DBC8E00D24ED6 /* RecordCollectionViewCell.swift */; };
		4981D1B2227DBC8E00D24ED6 /* RecordCollectionViewCell.xib in Resources */ = {isa = PBXBuildFile; fileRef = 4981D1B0227DBC8E00D24ED6 /* RecordCollectionViewCell.xib */; };
		49853726225B2380008CB391 /* EditLocationCViewController.swift in Sources */ = {isa = PBXBuildFile; fileRef = 49853725225B2380008CB391 /* EditLocationCViewController.swift */; };
		4985372A225B3E3D008CB391 /* RecordTableViewCell.swift in Sources */ = {isa = PBXBuildFile; fileRef = 49853728225B3E3D008CB391 /* RecordTableViewCell.swift */; };
		4985372B225B3E3D008CB391 /* RecordTableViewCell.xib in Resources */ = {isa = PBXBuildFile; fileRef = 49853729225B3E3D008CB391 /* RecordTableViewCell.xib */; };
		4985372D225B533E008CB391 /* PullUpController.swift in Sources */ = {isa = PBXBuildFile; fileRef = 4985372C225B533E008CB391 /* PullUpController.swift */; };
		4985372F225C2D23008CB391 /* RecordDetailViewController.swift in Sources */ = {isa = PBXBuildFile; fileRef = 4985372E225C2D22008CB391 /* RecordDetailViewController.swift */; };
		49853754225C78FA008CB391 /* RecordImageTableViewCell.swift in Sources */ = {isa = PBXBuildFile; fileRef = 49853752225C78FA008CB391 /* RecordImageTableViewCell.swift */; };
		49853755225C78FA008CB391 /* RecordImageTableViewCell.xib in Resources */ = {isa = PBXBuildFile; fileRef = 49853753225C78FA008CB391 /* RecordImageTableViewCell.xib */; };
		49853758225C791B008CB391 /* RecordDescriptionTableViewCell.swift in Sources */ = {isa = PBXBuildFile; fileRef = 49853756225C791B008CB391 /* RecordDescriptionTableViewCell.swift */; };
		49853759225C791B008CB391 /* RecordDescriptionTableViewCell.xib in Resources */ = {isa = PBXBuildFile; fileRef = 49853757225C791B008CB391 /* RecordDescriptionTableViewCell.xib */; };
		49853761225D773A008CB391 /* EditArticleTableViewCell.swift in Sources */ = {isa = PBXBuildFile; fileRef = 4985375F225D773A008CB391 /* EditArticleTableViewCell.swift */; };
		49853762225D773A008CB391 /* EditArticleTableViewCell.xib in Resources */ = {isa = PBXBuildFile; fileRef = 49853760225D773A008CB391 /* EditArticleTableViewCell.xib */; };
		49853765225D7964008CB391 /* MapTableViewCell.swift in Sources */ = {isa = PBXBuildFile; fileRef = 49853763225D7964008CB391 /* MapTableViewCell.swift */; };
		49853766225D7964008CB391 /* MapTableViewCell.xib in Resources */ = {isa = PBXBuildFile; fileRef = 49853764225D7964008CB391 /* MapTableViewCell.xib */; };
		49853769225D7E95008CB391 /* SharedOptionTableViewCell.swift in Sources */ = {isa = PBXBuildFile; fileRef = 49853767225D7E94008CB391 /* SharedOptionTableViewCell.swift */; };
		4985376A225D7E95008CB391 /* SharedOptionTableViewCell.xib in Resources */ = {isa = PBXBuildFile; fileRef = 49853768225D7E95008CB391 /* SharedOptionTableViewCell.xib */; };
		49CCC8F32277A26000478B6A /* FullScreenImageViewController.swift in Sources */ = {isa = PBXBuildFile; fileRef = 49CCC8F22277A26000478B6A /* FullScreenImageViewController.swift */; };
		49CCC8F52278237800478B6A /* LaunchScreenViewController.swift in Sources */ = {isa = PBXBuildFile; fileRef = 49CCC8F42278237800478B6A /* LaunchScreenViewController.swift */; };
		49DA063D227FE3D5006BFC09 /* MiraMessage.swift in Sources */ = {isa = PBXBuildFile; fileRef = 49DA063C227FE3D5006BFC09 /* MiraMessage.swift */; };
		49DA06432282A50D006BFC09 /* MiraDialog.swift in Sources */ = {isa = PBXBuildFile; fileRef = 49DA06422282A50D006BFC09 /* MiraDialog.swift */; };
		49DA06452282A725006BFC09 /* LaunchScreen.swift in Sources */ = {isa = PBXBuildFile; fileRef = 49DA06442282A725006BFC09 /* LaunchScreen.swift */; };
		49DA06492283C510006BFC09 /* MapManager.swift in Sources */ = {isa = PBXBuildFile; fileRef = 49DA06482283C510006BFC09 /* MapManager.swift */; };
		49DA064D2283EC18006BFC09 /* MapSearchViewController.swift in Sources */ = {isa = PBXBuildFile; fileRef = 49DA064C2283EC17006BFC09 /* MapSearchViewController.swift */; };
		49EBF3D82276C9A9008350ED /* GoogleService-Info.plist in Resources */ = {isa = PBXBuildFile; fileRef = 49EBF3D72276C9A9008350ED /* GoogleService-Info.plist */; };
		49EC6AA52289674900C1A127 /* MapOptionalButtonView.swift in Sources */ = {isa = PBXBuildFile; fileRef = 49EC6AA42289674900C1A127 /* MapOptionalButtonView.swift */; };
		49EC6AA922896BE000C1A127 /* MapOptionalButtonView.xib in Resources */ = {isa = PBXBuildFile; fileRef = 49EC6AA822896BE000C1A127 /* MapOptionalButtonView.xib */; };
		49EC6AAE228A601200C1A127 /* CoreDataStack.swift in Sources */ = {isa = PBXBuildFile; fileRef = 497AC91F2268015A005E8856 /* CoreDataStack.swift */; };
		CFBF5C671C5E300A749F9444 /* Pods_MapIT.framework in Frameworks */ = {isa = PBXBuildFile; fileRef = 2F9182D53B3C8E336590A1F5 /* Pods_MapIT.framework */; };
/* End PBXBuildFile section */

/* Begin PBXContainerItemProxy section */
		497796F322894ADA0087C575 /* PBXContainerItemProxy */ = {
			isa = PBXContainerItemProxy;
			containerPortal = 491169052254563200347310 /* Project object */;
			proxyType = 1;
			remoteGlobalIDString = 4911690C2254563200347310;
			remoteInfo = MapIT;
		};
/* End PBXContainerItemProxy section */

/* Begin PBXFileReference section */
		1358F4EB33C668A4B061574E /* Pods_MapITTests.framework */ = {isa = PBXFileReference; explicitFileType = wrapper.framework; includeInIndex = 0; path = Pods_MapITTests.framework; sourceTree = BUILT_PRODUCTS_DIR; };
		2F9182D53B3C8E336590A1F5 /* Pods_MapIT.framework */ = {isa = PBXFileReference; explicitFileType = wrapper.framework; includeInIndex = 0; path = Pods_MapIT.framework; sourceTree = BUILT_PRODUCTS_DIR; };
		4911690D2254563200347310 /* MapIT.app */ = {isa = PBXFileReference; explicitFileType = wrapper.application; includeInIndex = 0; path = MapIT.app; sourceTree = BUILT_PRODUCTS_DIR; };
		491169102254563200347310 /* AppDelegate.swift */ = {isa = PBXFileReference; lastKnownFileType = sourcecode.swift; path = AppDelegate.swift; sourceTree = "<group>"; };
		491169122254563200347310 /* ViewController.swift */ = {isa = PBXFileReference; lastKnownFileType = sourcecode.swift; path = ViewController.swift; sourceTree = "<group>"; };
		491169152254563200347310 /* Base */ = {isa = PBXFileReference; lastKnownFileType = file.storyboard; name = Base; path = Base.lproj/Main.storyboard; sourceTree = "<group>"; };
		491169182254563200347310 /* MapIT.xcdatamodel */ = {isa = PBXFileReference; lastKnownFileType = wrapper.xcdatamodel; path = MapIT.xcdatamodel; sourceTree = "<group>"; };
		4911691A2254563800347310 /* Assets.xcassets */ = {isa = PBXFileReference; lastKnownFileType = folder.assetcatalog; path = Assets.xcassets; sourceTree = "<group>"; };
		4911691D2254563800347310 /* Base */ = {isa = PBXFileReference; lastKnownFileType = file.storyboard; name = Base; path = Base.lproj/LaunchScreen.storyboard; sourceTree = "<group>"; };
		4911691F2254563800347310 /* Info.plist */ = {isa = PBXFileReference; lastKnownFileType = text.plist.xml; path = Info.plist; sourceTree = "<group>"; };
		4911692A22545D0800347310 /* MRTabBarViewController.swift */ = {isa = PBXFileReference; lastKnownFileType = sourcecode.swift; path = MRTabBarViewController.swift; sourceTree = "<group>"; };
		4911692D2254614600347310 /* UIImage+Extension.swift */ = {isa = PBXFileReference; lastKnownFileType = sourcecode.swift; path = "UIImage+Extension.swift"; sourceTree = "<group>"; };
		4911692F2254629700347310 /* Lobby.storyboard */ = {isa = PBXFileReference; lastKnownFileType = file.storyboard; path = Lobby.storyboard; sourceTree = "<group>"; };
		49116931225462E800347310 /* Profile.storyboard */ = {isa = PBXFileReference; lastKnownFileType = file.storyboard; path = Profile.storyboard; sourceTree = "<group>"; };
		491169332254633400347310 /* Mapping.storyboard */ = {isa = PBXFileReference; lastKnownFileType = file.storyboard; path = Mapping.storyboard; sourceTree = "<group>"; };
		491169352254634800347310 /* Notification.storyboard */ = {isa = PBXFileReference; lastKnownFileType = file.storyboard; path = Notification.storyboard; sourceTree = "<group>"; };
		491169372254639300347310 /* Record.storyboard */ = {isa = PBXFileReference; lastKnownFileType = file.storyboard; path = Record.storyboard; sourceTree = "<group>"; };
		491169392254644500347310 /* LobbyViewController.swift */ = {isa = PBXFileReference; lastKnownFileType = sourcecode.swift; path = LobbyViewController.swift; sourceTree = "<group>"; };
		4911693B2254645400347310 /* RecordViewController.swift */ = {isa = PBXFileReference; lastKnownFileType = sourcecode.swift; path = RecordViewController.swift; sourceTree = "<group>"; };
		4911693E2254647400347310 /* MappingViewController.swift */ = {isa = PBXFileReference; lastKnownFileType = sourcecode.swift; path = MappingViewController.swift; sourceTree = "<group>"; };
		491169402254648200347310 /* NotificationViewController.swift */ = {isa = PBXFileReference; lastKnownFileType = sourcecode.swift; path = NotificationViewController.swift; sourceTree = "<group>"; };
		491169422254648F00347310 /* ProfileViewController.swift */ = {isa = PBXFileReference; lastKnownFileType = sourcecode.swift; path = ProfileViewController.swift; sourceTree = "<group>"; };
		491169442254653100347310 /* UIStoryboard+Extension.swift */ = {isa = PBXFileReference; lastKnownFileType = sourcecode.swift; path = "UIStoryboard+Extension.swift"; sourceTree = "<group>"; };
		491169462254879B00347310 /* UIColor+Extension.swift */ = {isa = PBXFileReference; lastKnownFileType = sourcecode.swift; path = "UIColor+Extension.swift"; sourceTree = "<group>"; };
		491169482254893E00347310 /* CAGradientLayer+Extension.swift */ = {isa = PBXFileReference; lastKnownFileType = sourcecode.swift; path = "CAGradientLayer+Extension.swift"; sourceTree = "<group>"; };
		4911694A225489EC00347310 /* Navigation+Extension.swift */ = {isa = PBXFileReference; lastKnownFileType = sourcecode.swift; path = "Navigation+Extension.swift"; sourceTree = "<group>"; };
		4911694C22583E0200347310 /* AlertController.swift */ = {isa = PBXFileReference; lastKnownFileType = sourcecode.swift; path = AlertController.swift; sourceTree = "<group>"; };
		4911694E22583E2400347310 /* NavigationView.swift */ = {isa = PBXFileReference; lastKnownFileType = sourcecode.swift; path = NavigationView.swift; sourceTree = "<group>"; };
		4911695322583FFD00347310 /* JGProgressHUDWrapper.swift */ = {isa = PBXFileReference; lastKnownFileType = sourcecode.swift; path = JGProgressHUDWrapper.swift; sourceTree = "<group>"; };
		4911695522584C9000347310 /* MBProgressHUDWrapper.swift */ = {isa = PBXFileReference; lastKnownFileType = sourcecode.swift; path = MBProgressHUDWrapper.swift; sourceTree = "<group>"; };
		491169592258911B00347310 /* RecordListCViewController.swift */ = {isa = PBXFileReference; lastKnownFileType = sourcecode.swift; path = RecordListCViewController.swift; sourceTree = "<group>"; };
		494EB3582258D1AB00ECCA72 /* AddLocationCViewController.swift */ = {isa = PBXFileReference; lastKnownFileType = sourcecode.swift; path = AddLocationCViewController.swift; sourceTree = "<group>"; };
		494EB35A2258D55D00ECCA72 /* StoredMapCViewController.swift */ = {isa = PBXFileReference; lastKnownFileType = sourcecode.swift; path = StoredMapCViewController.swift; sourceTree = "<group>"; };
		494EB35F2259023900ECCA72 /* RouteTableViewCell.swift */ = {isa = PBXFileReference; lastKnownFileType = sourcecode.swift; path = RouteTableViewCell.swift; sourceTree = "<group>"; };
		494EB3602259023900ECCA72 /* RouteTableViewCell.xib */ = {isa = PBXFileReference; lastKnownFileType = file.xib; path = RouteTableViewCell.xib; sourceTree = "<group>"; };
		494EB36322599D1700ECCA72 /* UITableView+Extension.swift */ = {isa = PBXFileReference; lastKnownFileType = sourcecode.swift; path = "UITableView+Extension.swift"; sourceTree = "<group>"; };
		494EB3692259BE2500ECCA72 /* UICollectionView+Extension.swift */ = {isa = PBXFileReference; lastKnownFileType = sourcecode.swift; path = "UICollectionView+Extension.swift"; sourceTree = "<group>"; };
		494EB36C2259C28000ECCA72 /* RoutePictureCollectionViewCell.swift */ = {isa = PBXFileReference; lastKnownFileType = sourcecode.swift; path = RoutePictureCollectionViewCell.swift; sourceTree = "<group>"; };
		494EB36D2259C28000ECCA72 /* RoutePictureCollectionViewCell.xib */ = {isa = PBXFileReference; lastKnownFileType = file.xib; path = RoutePictureCollectionViewCell.xib; sourceTree = "<group>"; };
		494EB379225A1D7E00ECCA72 /* AddLocationNameCollectionViewCell.swift */ = {isa = PBXFileReference; lastKnownFileType = sourcecode.swift; path = AddLocationNameCollectionViewCell.swift; sourceTree = "<group>"; };
		494EB37A225A1D7E00ECCA72 /* AddLocationNameCollectionViewCell.xib */ = {isa = PBXFileReference; lastKnownFileType = file.xib; path = AddLocationNameCollectionViewCell.xib; sourceTree = "<group>"; };
		494EB385225A221900ECCA72 /* AddPictureMethodCollectionViewCell.swift */ = {isa = PBXFileReference; lastKnownFileType = sourcecode.swift; path = AddPictureMethodCollectionViewCell.swift; sourceTree = "<group>"; };
		494EB386225A221900ECCA72 /* AddPictureMethodCollectionViewCell.xib */ = {isa = PBXFileReference; lastKnownFileType = file.xib; path = AddPictureMethodCollectionViewCell.xib; sourceTree = "<group>"; };
		494EB3AA225AF10B00ECCA72 /* AccessPhoto.swift */ = {isa = PBXFileReference; lastKnownFileType = sourcecode.swift; path = AccessPhoto.swift; sourceTree = "<group>"; };
		496111C5226EBADB00624802 /* EditTravelCViewController.swift */ = {isa = PBXFileReference; lastKnownFileType = sourcecode.swift; path = EditTravelCViewController.swift; sourceTree = "<group>"; };
		496111CB2274153A00624802 /* NotificationCenter+Extension.swift */ = {isa = PBXFileReference; lastKnownFileType = sourcecode.swift; path = "NotificationCenter+Extension.swift"; sourceTree = "<group>"; };
		4977969B228549660087C575 /* RecordDetailSeciton.swift */ = {isa = PBXFileReference; lastKnownFileType = sourcecode.swift; name = RecordDetailSeciton.swift; path = ../Controller/RecordDetailSeciton.swift; sourceTree = "<group>"; };
		497796EE22894ADA0087C575 /* MapITTests.xctest */ = {isa = PBXFileReference; explicitFileType = wrapper.cfbundle; includeInIndex = 0; path = MapITTests.xctest; sourceTree = BUILT_PRODUCTS_DIR; };
		497796F022894ADA0087C575 /* MapITTests.swift */ = {isa = PBXFileReference; lastKnownFileType = sourcecode.swift; path = MapITTests.swift; sourceTree = "<group>"; };
		497796F222894ADA0087C575 /* Info.plist */ = {isa = PBXFileReference; lastKnownFileType = text.plist.xml; path = Info.plist; sourceTree = "<group>"; };
		497A0579225D97640010D142 /* SharedOptionViewController.swift */ = {isa = PBXFileReference; lastKnownFileType = sourcecode.swift; path = SharedOptionViewController.swift; sourceTree = "<group>"; };
		497A057D225DD8C30010D142 /* ProfileCollectionViewCell.swift */ = {isa = PBXFileReference; lastKnownFileType = sourcecode.swift; path = ProfileCollectionViewCell.swift; sourceTree = "<group>"; };
		497A057E225DD8C30010D142 /* ProfileCollectionViewCell.xib */ = {isa = PBXFileReference; lastKnownFileType = file.xib; path = ProfileCollectionViewCell.xib; sourceTree = "<group>"; };
		497A0581225DF2990010D142 /* SignInViewController.swift */ = {isa = PBXFileReference; lastKnownFileType = sourcecode.swift; path = SignInViewController.swift; sourceTree = "<group>"; };
		497A0585225DF7E50010D142 /* LoginContainerViewController.swift */ = {isa = PBXFileReference; lastKnownFileType = sourcecode.swift; path = LoginContainerViewController.swift; sourceTree = "<group>"; };
		497A0587225DF7FE0010D142 /* SignUpContainerViewController.swift */ = {isa = PBXFileReference; lastKnownFileType = sourcecode.swift; path = SignUpContainerViewController.swift; sourceTree = "<group>"; };
		497A05C5226045370010D142 /* Taiwan.gpx */ = {isa = PBXFileReference; lastKnownFileType = text.xml; name = Taiwan.gpx; path = "../Third Party Wrapper/Taiwan.gpx"; sourceTree = "<group>"; };
		497A05DC2266C2420010D142 /* PlaceAnnotation.swift */ = {isa = PBXFileReference; lastKnownFileType = sourcecode.swift; path = PlaceAnnotation.swift; sourceTree = "<group>"; };
		497AC91922680110005E8856 /* FormatDisplay.swift */ = {isa = PBXFileReference; lastKnownFileType = sourcecode.swift; name = FormatDisplay.swift; path = ../FormatDisplay.swift; sourceTree = "<group>"; };
		497AC91B22680129005E8856 /* LocationManager.swift */ = {isa = PBXFileReference; lastKnownFileType = sourcecode.swift; name = LocationManager.swift; path = ../LocationManager.swift; sourceTree = "<group>"; };
		497AC91D22680143005E8856 /* GradientPathRenderer.swift */ = {isa = PBXFileReference; lastKnownFileType = sourcecode.swift; name = GradientPathRenderer.swift; path = ../GradientPathRenderer.swift; sourceTree = "<group>"; };
		497AC91F2268015A005E8856 /* CoreDataStack.swift */ = {isa = PBXFileReference; lastKnownFileType = sourcecode.swift; name = CoreDataStack.swift; path = ../CoreDataStack.swift; sourceTree = "<group>"; };
		497AC92522687D90005E8856 /* Coordinate.swift */ = {isa = PBXFileReference; lastKnownFileType = sourcecode.swift; name = Coordinate.swift; path = ../Controller/Coordinate.swift; sourceTree = "<group>"; };
		497AC92A22698A74005E8856 /* NormalPictureCollectionViewCell.swift */ = {isa = PBXFileReference; lastKnownFileType = sourcecode.swift; path = NormalPictureCollectionViewCell.swift; sourceTree = "<group>"; };
		497AC92B22698A74005E8856 /* NormalPictureCollectionViewCell.xib */ = {isa = PBXFileReference; lastKnownFileType = file.xib; path = NormalPictureCollectionViewCell.xib; sourceTree = "<group>"; };
		497F3C84227BC7D9001D12C3 /* MapKit.framework */ = {isa = PBXFileReference; lastKnownFileType = wrapper.framework; name = MapKit.framework; path = System/Library/Frameworks/MapKit.framework; sourceTree = SDKROOT; };
		497F3C86227D5CF2001D12C3 /* MapMark.gif */ = {isa = PBXFileReference; lastKnownFileType = image.gif; path = MapMark.gif; sourceTree = "<group>"; };
		497F3C88227D5D49001D12C3 /* UIImage+GIF.swift */ = {isa = PBXFileReference; lastKnownFileType = sourcecode.swift; path = "UIImage+GIF.swift"; sourceTree = "<group>"; };
		497F3C8A227D6BB4001D12C3 /* CameraLottieFiles.json */ = {isa = PBXFileReference; fileEncoding = 4; lastKnownFileType = text.json; path = CameraLottieFiles.json; sourceTree = "<group>"; };
		4981D1AF227DBC8E00D24ED6 /* RecordCollectionViewCell.swift */ = {isa = PBXFileReference; lastKnownFileType = sourcecode.swift; path = RecordCollectionViewCell.swift; sourceTree = "<group>"; };
		4981D1B0227DBC8E00D24ED6 /* RecordCollectionViewCell.xib */ = {isa = PBXFileReference; lastKnownFileType = file.xib; path = RecordCollectionViewCell.xib; sourceTree = "<group>"; };
		49853725225B2380008CB391 /* EditLocationCViewController.swift */ = {isa = PBXFileReference; lastKnownFileType = sourcecode.swift; path = EditLocationCViewController.swift; sourceTree = "<group>"; };
		49853728225B3E3D008CB391 /* RecordTableViewCell.swift */ = {isa = PBXFileReference; lastKnownFileType = sourcecode.swift; path = RecordTableViewCell.swift; sourceTree = "<group>"; };
		49853729225B3E3D008CB391 /* RecordTableViewCell.xib */ = {isa = PBXFileReference; lastKnownFileType = file.xib; path = RecordTableViewCell.xib; sourceTree = "<group>"; };
		4985372C225B533E008CB391 /* PullUpController.swift */ = {isa = PBXFileReference; lastKnownFileType = sourcecode.swift; path = PullUpController.swift; sourceTree = "<group>"; };
		4985372E225C2D22008CB391 /* RecordDetailViewController.swift */ = {isa = PBXFileReference; lastKnownFileType = sourcecode.swift; path = RecordDetailViewController.swift; sourceTree = "<group>"; };
		49853752225C78FA008CB391 /* RecordImageTableViewCell.swift */ = {isa = PBXFileReference; lastKnownFileType = sourcecode.swift; path = RecordImageTableViewCell.swift; sourceTree = "<group>"; };
		49853753225C78FA008CB391 /* RecordImageTableViewCell.xib */ = {isa = PBXFileReference; lastKnownFileType = file.xib; path = RecordImageTableViewCell.xib; sourceTree = "<group>"; };
		49853756225C791B008CB391 /* RecordDescriptionTableViewCell.swift */ = {isa = PBXFileReference; lastKnownFileType = sourcecode.swift; path = RecordDescriptionTableViewCell.swift; sourceTree = "<group>"; };
		49853757225C791B008CB391 /* RecordDescriptionTableViewCell.xib */ = {isa = PBXFileReference; lastKnownFileType = file.xib; path = RecordDescriptionTableViewCell.xib; sourceTree = "<group>"; };
		4985375F225D773A008CB391 /* EditArticleTableViewCell.swift */ = {isa = PBXFileReference; lastKnownFileType = sourcecode.swift; path = EditArticleTableViewCell.swift; sourceTree = "<group>"; };
		49853760225D773A008CB391 /* EditArticleTableViewCell.xib */ = {isa = PBXFileReference; lastKnownFileType = file.xib; path = EditArticleTableViewCell.xib; sourceTree = "<group>"; };
		49853763225D7964008CB391 /* MapTableViewCell.swift */ = {isa = PBXFileReference; lastKnownFileType = sourcecode.swift; path = MapTableViewCell.swift; sourceTree = "<group>"; };
		49853764225D7964008CB391 /* MapTableViewCell.xib */ = {isa = PBXFileReference; lastKnownFileType = file.xib; path = MapTableViewCell.xib; sourceTree = "<group>"; };
		49853767225D7E94008CB391 /* SharedOptionTableViewCell.swift */ = {isa = PBXFileReference; lastKnownFileType = sourcecode.swift; path = SharedOptionTableViewCell.swift; sourceTree = "<group>"; };
		49853768225D7E95008CB391 /* SharedOptionTableViewCell.xib */ = {isa = PBXFileReference; lastKnownFileType = file.xib; path = SharedOptionTableViewCell.xib; sourceTree = "<group>"; };
		49CCC8F22277A26000478B6A /* FullScreenImageViewController.swift */ = {isa = PBXFileReference; lastKnownFileType = sourcecode.swift; path = FullScreenImageViewController.swift; sourceTree = "<group>"; };
		49CCC8F42278237800478B6A /* LaunchScreenViewController.swift */ = {isa = PBXFileReference; lastKnownFileType = sourcecode.swift; name = LaunchScreenViewController.swift; path = ../Controller/LaunchScreenViewController.swift; sourceTree = "<group>"; };
		49DA063C227FE3D5006BFC09 /* MiraMessage.swift */ = {isa = PBXFileReference; lastKnownFileType = sourcecode.swift; path = MiraMessage.swift; sourceTree = "<group>"; };
		49DA06422282A50D006BFC09 /* MiraDialog.swift */ = {isa = PBXFileReference; lastKnownFileType = sourcecode.swift; path = MiraDialog.swift; sourceTree = "<group>"; };
		49DA06442282A725006BFC09 /* LaunchScreen.swift */ = {isa = PBXFileReference; lastKnownFileType = sourcecode.swift; path = LaunchScreen.swift; sourceTree = "<group>"; };
		49DA06482283C510006BFC09 /* MapManager.swift */ = {isa = PBXFileReference; lastKnownFileType = sourcecode.swift; path = MapManager.swift; sourceTree = "<group>"; };
		49DA064C2283EC17006BFC09 /* MapSearchViewController.swift */ = {isa = PBXFileReference; lastKnownFileType = sourcecode.swift; path = MapSearchViewController.swift; sourceTree = "<group>"; };
		49EBF3D72276C9A9008350ED /* GoogleService-Info.plist */ = {isa = PBXFileReference; fileEncoding = 4; lastKnownFileType = text.plist.xml; path = "GoogleService-Info.plist"; sourceTree = "<group>"; };
		49EC6AA42289674900C1A127 /* MapOptionalButtonView.swift */ = {isa = PBXFileReference; lastKnownFileType = sourcecode.swift; path = MapOptionalButtonView.swift; sourceTree = "<group>"; };
		49EC6AA822896BE000C1A127 /* MapOptionalButtonView.xib */ = {isa = PBXFileReference; lastKnownFileType = file.xib; path = MapOptionalButtonView.xib; sourceTree = "<group>"; };
		4F3B57006F1AFBF3A093EECF /* Pods-MapIT.release.xcconfig */ = {isa = PBXFileReference; includeInIndex = 1; lastKnownFileType = text.xcconfig; name = "Pods-MapIT.release.xcconfig"; path = "Target Support Files/Pods-MapIT/Pods-MapIT.release.xcconfig"; sourceTree = "<group>"; };
		9CE21C79CC1159011AA44483 /* Pods-MapIT.debug.xcconfig */ = {isa = PBXFileReference; includeInIndex = 1; lastKnownFileType = text.xcconfig; name = "Pods-MapIT.debug.xcconfig"; path = "Target Support Files/Pods-MapIT/Pods-MapIT.debug.xcconfig"; sourceTree = "<group>"; };
		B51980CE6F0E1D9AE616A99C /* Pods-MapITTests.release.xcconfig */ = {isa = PBXFileReference; includeInIndex = 1; lastKnownFileType = text.xcconfig; name = "Pods-MapITTests.release.xcconfig"; path = "Target Support Files/Pods-MapITTests/Pods-MapITTests.release.xcconfig"; sourceTree = "<group>"; };
		F3EF2E736C4D0C834165EEC4 /* Pods-MapITTests.debug.xcconfig */ = {isa = PBXFileReference; includeInIndex = 1; lastKnownFileType = text.xcconfig; name = "Pods-MapITTests.debug.xcconfig"; path = "Target Support Files/Pods-MapITTests/Pods-MapITTests.debug.xcconfig"; sourceTree = "<group>"; };
/* End PBXFileReference section */

/* Begin PBXFrameworksBuildPhase section */
		4911690A2254563200347310 /* Frameworks */ = {
			isa = PBXFrameworksBuildPhase;
			buildActionMask = 2147483647;
			files = (
				497F3C85227BC7DA001D12C3 /* MapKit.framework in Frameworks */,
				CFBF5C671C5E300A749F9444 /* Pods_MapIT.framework in Frameworks */,
			);
			runOnlyForDeploymentPostprocessing = 0;
		};
		497796EB22894ADA0087C575 /* Frameworks */ = {
			isa = PBXFrameworksBuildPhase;
			buildActionMask = 2147483647;
			files = (
				0232007E49050BE6D08E6E69 /* Pods_MapITTests.framework in Frameworks */,
			);
			runOnlyForDeploymentPostprocessing = 0;
		};
/* End PBXFrameworksBuildPhase section */

/* Begin PBXGroup section */
		491169042254563200347310 = {
			isa = PBXGroup;
			children = (
				4911690F2254563200347310 /* MapIT */,
				497796EF22894ADA0087C575 /* MapITTests */,
				4911690E2254563200347310 /* Products */,
				B70FDB2025C07199BB94CF74 /* Pods */,
				635C7606C42D2FC920CFD63F /* Frameworks */,
			);
			sourceTree = "<group>";
		};
		4911690E2254563200347310 /* Products */ = {
			isa = PBXGroup;
			children = (
				4911690D2254563200347310 /* MapIT.app */,
				497796EE22894ADA0087C575 /* MapITTests.xctest */,
			);
			name = Products;
			sourceTree = "<group>";
		};
		4911690F2254563200347310 /* MapIT */ = {
			isa = PBXGroup;
			children = (
				497AC92E2269B216005E8856 /* CoreData */,
				4911695222583FEC00347310 /* Third Party Wrapper */,
				4911692C2254613200347310 /* Extension */,
				4911692722545B5A00347310 /* Controller */,
				4911692622545B4C00347310 /* Model */,
				4911692522545B4300347310 /* View */,
				491169102254563200347310 /* AppDelegate.swift */,
				491169122254563200347310 /* ViewController.swift */,
				4911694C22583E0200347310 /* AlertController.swift */,
				4911694E22583E2400347310 /* NavigationView.swift */,
				4911691A2254563800347310 /* Assets.xcassets */,
				4911691F2254563800347310 /* Info.plist */,
				491169172254563200347310 /* MapIT.xcdatamodeld */,
				49EBF3D72276C9A9008350ED /* GoogleService-Info.plist */,
			);
			path = MapIT;
			sourceTree = "<group>";
		};
		4911692522545B4300347310 /* View */ = {
			isa = PBXGroup;
			children = (
				497A057B225DD8140010D142 /* ProfileCell */,
				49853751225C753A008CB391 /* RecordDetailCell */,
				49853727225B3E1A008CB391 /* RecordCell */,
				494EB370225A1A8300ECCA72 /* AddLocation */,
				494EB35E2259020A00ECCA72 /* RouteCell */,
				49EC6AA32289672900C1A127 /* MapView */,
				491169142254563200347310 /* Main.storyboard */,
				4911692F2254629700347310 /* Lobby.storyboard */,
				491169372254639300347310 /* Record.storyboard */,
				491169332254633400347310 /* Mapping.storyboard */,
				491169352254634800347310 /* Notification.storyboard */,
				49116931225462E800347310 /* Profile.storyboard */,
				4911691C2254563800347310 /* LaunchScreen.storyboard */,
			);
			path = View;
			sourceTree = "<group>";
		};
		4911692622545B4C00347310 /* Model */ = {
			isa = PBXGroup;
			children = (
				497A05C5226045370010D142 /* Taiwan.gpx */,
				497F3C8A227D6BB4001D12C3 /* CameraLottieFiles.json */,
				497F3C86227D5CF2001D12C3 /* MapMark.gif */,
				497AC92522687D90005E8856 /* Coordinate.swift */,
				494EB3AA225AF10B00ECCA72 /* AccessPhoto.swift */,
				497A05DC2266C2420010D142 /* PlaceAnnotation.swift */,
				49DA06482283C510006BFC09 /* MapManager.swift */,
				497AC91922680110005E8856 /* FormatDisplay.swift */,
				497AC91B22680129005E8856 /* LocationManager.swift */,
				497AC91D22680143005E8856 /* GradientPathRenderer.swift */,
				497AC91F2268015A005E8856 /* CoreDataStack.swift */,
				49DA063C227FE3D5006BFC09 /* MiraMessage.swift */,
				49DA06422282A50D006BFC09 /* MiraDialog.swift */,
				49DA06442282A725006BFC09 /* LaunchScreen.swift */,
				4977969B228549660087C575 /* RecordDetailSeciton.swift */,
			);
			path = Model;
			sourceTree = "<group>";
		};
		4911692722545B5A00347310 /* Controller */ = {
			isa = PBXGroup;
			children = (
				4911692A22545D0800347310 /* MRTabBarViewController.swift */,
				491169392254644500347310 /* LobbyViewController.swift */,
				4911693B2254645400347310 /* RecordViewController.swift */,
				4985372E225C2D22008CB391 /* RecordDetailViewController.swift */,
				497A0579225D97640010D142 /* SharedOptionViewController.swift */,
				4911693E2254647400347310 /* MappingViewController.swift */,
				494EB3582258D1AB00ECCA72 /* AddLocationCViewController.swift */,
				491169592258911B00347310 /* RecordListCViewController.swift */,
				494EB35A2258D55D00ECCA72 /* StoredMapCViewController.swift */,
				49853725225B2380008CB391 /* EditLocationCViewController.swift */,
				496111C5226EBADB00624802 /* EditTravelCViewController.swift */,
				491169402254648200347310 /* NotificationViewController.swift */,
				49CCC8F22277A26000478B6A /* FullScreenImageViewController.swift */,
				491169422254648F00347310 /* ProfileViewController.swift */,
				497A0581225DF2990010D142 /* SignInViewController.swift */,
				497A0585225DF7E50010D142 /* LoginContainerViewController.swift */,
				497A0587225DF7FE0010D142 /* SignUpContainerViewController.swift */,
				49DA064C2283EC17006BFC09 /* MapSearchViewController.swift */,
			);
			path = Controller;
			sourceTree = "<group>";
		};
		4911692C2254613200347310 /* Extension */ = {
			isa = PBXGroup;
			children = (
				4911692D2254614600347310 /* UIImage+Extension.swift */,
				497F3C88227D5D49001D12C3 /* UIImage+GIF.swift */,
				491169442254653100347310 /* UIStoryboard+Extension.swift */,
				491169462254879B00347310 /* UIColor+Extension.swift */,
				494EB36322599D1700ECCA72 /* UITableView+Extension.swift */,
				494EB3692259BE2500ECCA72 /* UICollectionView+Extension.swift */,
				491169482254893E00347310 /* CAGradientLayer+Extension.swift */,
				4911694A225489EC00347310 /* Navigation+Extension.swift */,
				496111CB2274153A00624802 /* NotificationCenter+Extension.swift */,
				49CCC8F42278237800478B6A /* LaunchScreenViewController.swift */,
			);
			path = Extension;
			sourceTree = "<group>";
		};
		4911695222583FEC00347310 /* Third Party Wrapper */ = {
			isa = PBXGroup;
			children = (
				4911695322583FFD00347310 /* JGProgressHUDWrapper.swift */,
				4911695522584C9000347310 /* MBProgressHUDWrapper.swift */,
				4985372C225B533E008CB391 /* PullUpController.swift */,
			);
			path = "Third Party Wrapper";
			sourceTree = "<group>";
		};
		494EB35E2259020A00ECCA72 /* RouteCell */ = {
			isa = PBXGroup;
			children = (
				494EB35F2259023900ECCA72 /* RouteTableViewCell.swift */,
				494EB3602259023900ECCA72 /* RouteTableViewCell.xib */,
				494EB36C2259C28000ECCA72 /* RoutePictureCollectionViewCell.swift */,
				494EB36D2259C28000ECCA72 /* RoutePictureCollectionViewCell.xib */,
				497AC92A22698A74005E8856 /* NormalPictureCollectionViewCell.swift */,
				497AC92B22698A74005E8856 /* NormalPictureCollectionViewCell.xib */,
			);
			path = RouteCell;
			sourceTree = "<group>";
		};
		494EB370225A1A8300ECCA72 /* AddLocation */ = {
			isa = PBXGroup;
			children = (
				494EB379225A1D7E00ECCA72 /* AddLocationNameCollectionViewCell.swift */,
				494EB37A225A1D7E00ECCA72 /* AddLocationNameCollectionViewCell.xib */,
				494EB385225A221900ECCA72 /* AddPictureMethodCollectionViewCell.swift */,
				494EB386225A221900ECCA72 /* AddPictureMethodCollectionViewCell.xib */,
			);
			path = AddLocation;
			sourceTree = "<group>";
		};
		497796EF22894ADA0087C575 /* MapITTests */ = {
			isa = PBXGroup;
			children = (
				497796F022894ADA0087C575 /* MapITTests.swift */,
				497796F222894ADA0087C575 /* Info.plist */,
			);
			path = MapITTests;
			sourceTree = "<group>";
		};
		497A057B225DD8140010D142 /* ProfileCell */ = {
			isa = PBXGroup;
			children = (
				497A057D225DD8C30010D142 /* ProfileCollectionViewCell.swift */,
				497A057E225DD8C30010D142 /* ProfileCollectionViewCell.xib */,
			);
			path = ProfileCell;
			sourceTree = "<group>";
		};
		497AC92E2269B216005E8856 /* CoreData */ = {
			isa = PBXGroup;
			children = (
			);
			path = CoreData;
			sourceTree = "<group>";
		};
		49853727225B3E1A008CB391 /* RecordCell */ = {
			isa = PBXGroup;
			children = (
				49853728225B3E3D008CB391 /* RecordTableViewCell.swift */,
				49853729225B3E3D008CB391 /* RecordTableViewCell.xib */,
				49853763225D7964008CB391 /* MapTableViewCell.swift */,
				49853764225D7964008CB391 /* MapTableViewCell.xib */,
				49853767225D7E94008CB391 /* SharedOptionTableViewCell.swift */,
				49853768225D7E95008CB391 /* SharedOptionTableViewCell.xib */,
				4981D1AF227DBC8E00D24ED6 /* RecordCollectionViewCell.swift */,
				4981D1B0227DBC8E00D24ED6 /* RecordCollectionViewCell.xib */,
			);
			path = RecordCell;
			sourceTree = "<group>";
		};
		49853751225C753A008CB391 /* RecordDetailCell */ = {
			isa = PBXGroup;
			children = (
				49853752225C78FA008CB391 /* RecordImageTableViewCell.swift */,
				49853753225C78FA008CB391 /* RecordImageTableViewCell.xib */,
				49853756225C791B008CB391 /* RecordDescriptionTableViewCell.swift */,
				49853757225C791B008CB391 /* RecordDescriptionTableViewCell.xib */,
				4985375F225D773A008CB391 /* EditArticleTableViewCell.swift */,
				49853760225D773A008CB391 /* EditArticleTableViewCell.xib */,
			);
			path = RecordDetailCell;
			sourceTree = "<group>";
		};
		49EC6AA32289672900C1A127 /* MapView */ = {
			isa = PBXGroup;
			children = (
				49EC6AA42289674900C1A127 /* MapOptionalButtonView.swift */,
				49EC6AA822896BE000C1A127 /* MapOptionalButtonView.xib */,
			);
			path = MapView;
			sourceTree = "<group>";
		};
		635C7606C42D2FC920CFD63F /* Frameworks */ = {
			isa = PBXGroup;
			children = (
				497F3C84227BC7D9001D12C3 /* MapKit.framework */,
				2F9182D53B3C8E336590A1F5 /* Pods_MapIT.framework */,
				1358F4EB33C668A4B061574E /* Pods_MapITTests.framework */,
			);
			name = Frameworks;
			sourceTree = "<group>";
		};
		B70FDB2025C07199BB94CF74 /* Pods */ = {
			isa = PBXGroup;
			children = (
				9CE21C79CC1159011AA44483 /* Pods-MapIT.debug.xcconfig */,
				4F3B57006F1AFBF3A093EECF /* Pods-MapIT.release.xcconfig */,
				F3EF2E736C4D0C834165EEC4 /* Pods-MapITTests.debug.xcconfig */,
				B51980CE6F0E1D9AE616A99C /* Pods-MapITTests.release.xcconfig */,
			);
			path = Pods;
			sourceTree = "<group>";
		};
/* End PBXGroup section */

/* Begin PBXNativeTarget section */
		4911690C2254563200347310 /* MapIT */ = {
			isa = PBXNativeTarget;
			buildConfigurationList = 491169222254563800347310 /* Build configuration list for PBXNativeTarget "MapIT" */;
			buildPhases = (
				9C810CC9456DB01D9E143EED /* [CP] Check Pods Manifest.lock */,
				491169092254563200347310 /* Sources */,
				4911690A2254563200347310 /* Frameworks */,
				4911690B2254563200347310 /* Resources */,
				5E2C9E223BD4857ADB494F7E /* [CP] Copy Pods Resources */,
				A4185C1EE0A397902907FA47 /* [CP] Embed Pods Frameworks */,
				4985375E225C993B008CB391 /* SwiftLint */,
				496111D12276C1C600624802 /* ShellScript */,
			);
			buildRules = (
			);
			dependencies = (
			);
			name = MapIT;
			productName = MapIT;
			productReference = 4911690D2254563200347310 /* MapIT.app */;
			productType = "com.apple.product-type.application";
		};
		497796ED22894ADA0087C575 /* MapITTests */ = {
			isa = PBXNativeTarget;
			buildConfigurationList = 497796F522894ADA0087C575 /* Build configuration list for PBXNativeTarget "MapITTests" */;
			buildPhases = (
				26AF649F949C18B0E63323D7 /* [CP] Check Pods Manifest.lock */,
				497796EA22894ADA0087C575 /* Sources */,
				497796EB22894ADA0087C575 /* Frameworks */,
				497796EC22894ADA0087C575 /* Resources */,
				2FF24C6B7772176FB3B964DB /* [CP] Embed Pods Frameworks */,
			);
			buildRules = (
			);
			dependencies = (
				497796F422894ADA0087C575 /* PBXTargetDependency */,
			);
			name = MapITTests;
			productName = MapITTests;
			productReference = 497796EE22894ADA0087C575 /* MapITTests.xctest */;
			productType = "com.apple.product-type.bundle.unit-test";
		};
/* End PBXNativeTarget section */

/* Begin PBXProject section */
		491169052254563200347310 /* Project object */ = {
			isa = PBXProject;
			attributes = {
				LastSwiftUpdateCheck = 1020;
				LastUpgradeCheck = 1020;
				ORGANIZATIONNAME = AppWork;
				TargetAttributes = {
					4911690C2254563200347310 = {
						CreatedOnToolsVersion = 10.2;
						SystemCapabilities = {
							com.apple.BackgroundModes = {
								enabled = 1;
							};
							com.apple.Maps.iOS = {
								enabled = 1;
							};
						};
					};
					497796ED22894ADA0087C575 = {
						CreatedOnToolsVersion = 10.2;
						TestTargetID = 4911690C2254563200347310;
					};
				};
			};
			buildConfigurationList = 491169082254563200347310 /* Build configuration list for PBXProject "MapIT" */;
			compatibilityVersion = "Xcode 9.3";
			developmentRegion = en;
			hasScannedForEncodings = 0;
			knownRegions = (
				en,
				Base,
			);
			mainGroup = 491169042254563200347310;
			productRefGroup = 4911690E2254563200347310 /* Products */;
			projectDirPath = "";
			projectRoot = "";
			targets = (
				4911690C2254563200347310 /* MapIT */,
				497796ED22894ADA0087C575 /* MapITTests */,
			);
		};
/* End PBXProject section */

/* Begin PBXResourcesBuildPhase section */
		4911690B2254563200347310 /* Resources */ = {
			isa = PBXResourcesBuildPhase;
			buildActionMask = 2147483647;
			files = (
				49EC6AA922896BE000C1A127 /* MapOptionalButtonView.xib in Resources */,
				49853759225C791B008CB391 /* RecordDescriptionTableViewCell.xib in Resources */,
				4985376A225D7E95008CB391 /* SharedOptionTableViewCell.xib in Resources */,
				4911691E2254563800347310 /* LaunchScreen.storyboard in Resources */,
				4911691B2254563800347310 /* Assets.xcassets in Resources */,
				497AC92D22698A74005E8856 /* NormalPictureCollectionViewCell.xib in Resources */,
				494EB3622259023900ECCA72 /* RouteTableViewCell.xib in Resources */,
				49116932225462E800347310 /* Profile.storyboard in Resources */,
				491169162254563200347310 /* Main.storyboard in Resources */,
				494EB36F2259C28000ECCA72 /* RoutePictureCollectionViewCell.xib in Resources */,
				49853755225C78FA008CB391 /* RecordImageTableViewCell.xib in Resources */,
				491169302254629700347310 /* Lobby.storyboard in Resources */,
				4981D1B2227DBC8E00D24ED6 /* RecordCollectionViewCell.xib in Resources */,
				497A0580225DD8C30010D142 /* ProfileCollectionViewCell.xib in Resources */,
				491169342254633400347310 /* Mapping.storyboard in Resources */,
				49EBF3D82276C9A9008350ED /* GoogleService-Info.plist in Resources */,
				497F3C8B227D6BB6001D12C3 /* CameraLottieFiles.json in Resources */,
				4985372B225B3E3D008CB391 /* RecordTableViewCell.xib in Resources */,
				494EB37C225A1D7E00ECCA72 /* AddLocationNameCollectionViewCell.xib in Resources */,
				49853762225D773A008CB391 /* EditArticleTableViewCell.xib in Resources */,
				494EB388225A221900ECCA72 /* AddPictureMethodCollectionViewCell.xib in Resources */,
				491169362254634800347310 /* Notification.storyboard in Resources */,
				49853766225D7964008CB391 /* MapTableViewCell.xib in Resources */,
				497F3C87227D5CF2001D12C3 /* MapMark.gif in Resources */,
				491169382254639300347310 /* Record.storyboard in Resources */,
			);
			runOnlyForDeploymentPostprocessing = 0;
		};
		497796EC22894ADA0087C575 /* Resources */ = {
			isa = PBXResourcesBuildPhase;
			buildActionMask = 2147483647;
			files = (
			);
			runOnlyForDeploymentPostprocessing = 0;
		};
/* End PBXResourcesBuildPhase section */

/* Begin PBXShellScriptBuildPhase section */
		26AF649F949C18B0E63323D7 /* [CP] Check Pods Manifest.lock */ = {
			isa = PBXShellScriptBuildPhase;
			buildActionMask = 2147483647;
			files = (
			);
			inputFileListPaths = (
			);
			inputPaths = (
				"${PODS_PODFILE_DIR_PATH}/Podfile.lock",
				"${PODS_ROOT}/Manifest.lock",
			);
			name = "[CP] Check Pods Manifest.lock";
			outputFileListPaths = (
			);
			outputPaths = (
				"$(DERIVED_FILE_DIR)/Pods-MapITTests-checkManifestLockResult.txt",
			);
			runOnlyForDeploymentPostprocessing = 0;
			shellPath = /bin/sh;
			shellScript = "diff \"${PODS_PODFILE_DIR_PATH}/Podfile.lock\" \"${PODS_ROOT}/Manifest.lock\" > /dev/null\nif [ $? != 0 ] ; then\n    # print error to STDERR\n    echo \"error: The sandbox is not in sync with the Podfile.lock. Run 'pod install' or update your CocoaPods installation.\" >&2\n    exit 1\nfi\n# This output is used by Xcode 'outputs' to avoid re-running this script phase.\necho \"SUCCESS\" > \"${SCRIPT_OUTPUT_FILE_0}\"\n";
			showEnvVarsInLog = 0;
		};
		2FF24C6B7772176FB3B964DB /* [CP] Embed Pods Frameworks */ = {
			isa = PBXShellScriptBuildPhase;
			buildActionMask = 2147483647;
			files = (
			);
			inputFileListPaths = (
			);
			inputPaths = (
				"${PODS_ROOT}/Target Support Files/Pods-MapITTests/Pods-MapITTests-frameworks.sh",
				"${BUILT_PRODUCTS_DIR}/GoogleUtilities/GoogleUtilities.framework",
				"${BUILT_PRODUCTS_DIR}/nanopb/nanopb.framework",
			);
			name = "[CP] Embed Pods Frameworks";
			outputFileListPaths = (
			);
			outputPaths = (
				"${TARGET_BUILD_DIR}/${FRAMEWORKS_FOLDER_PATH}/GoogleUtilities.framework",
				"${TARGET_BUILD_DIR}/${FRAMEWORKS_FOLDER_PATH}/nanopb.framework",
			);
			runOnlyForDeploymentPostprocessing = 0;
			shellPath = /bin/sh;
			shellScript = "\"${PODS_ROOT}/Target Support Files/Pods-MapITTests/Pods-MapITTests-frameworks.sh\"\n";
			showEnvVarsInLog = 0;
		};
		496111D12276C1C600624802 /* ShellScript */ = {
			isa = PBXShellScriptBuildPhase;
			buildActionMask = 2147483647;
			files = (
			);
			inputFileListPaths = (
			);
			inputPaths = (
				"$(SRCROOT)/Info.plist",
			);
			outputFileListPaths = (
			);
			outputPaths = (
			);
			runOnlyForDeploymentPostprocessing = 0;
			shellPath = /bin/sh;
			shellScript = "\"${PODS_ROOT}/Fabric/run\"\n";
		};
		4985375E225C993B008CB391 /* SwiftLint */ = {
			isa = PBXShellScriptBuildPhase;
			buildActionMask = 2147483647;
			files = (
			);
			inputFileListPaths = (
			);
			inputPaths = (
			);
			name = SwiftLint;
			outputFileListPaths = (
			);
			outputPaths = (
			);
			runOnlyForDeploymentPostprocessing = 0;
			shellPath = /bin/sh;
			shellScript = "\"${PODS_ROOT}/SwiftLint/swiftlint\"\n";
		};
		5E2C9E223BD4857ADB494F7E /* [CP] Copy Pods Resources */ = {
			isa = PBXShellScriptBuildPhase;
			buildActionMask = 2147483647;
			files = (
			);
			inputFileListPaths = (
			);
			inputPaths = (
				"${PODS_ROOT}/Target Support Files/Pods-MapIT/Pods-MapIT-resources.sh",
				"${PODS_ROOT}/GoogleMaps/Maps/Frameworks/GoogleMaps.framework/Resources/GoogleMaps.bundle",
				"${PODS_ROOT}/GooglePlaces/Frameworks/GooglePlaces.framework/Resources/GooglePlaces.bundle",
			);
			name = "[CP] Copy Pods Resources";
			outputFileListPaths = (
			);
			outputPaths = (
				"${TARGET_BUILD_DIR}/${UNLOCALIZED_RESOURCES_FOLDER_PATH}/GoogleMaps.bundle",
				"${TARGET_BUILD_DIR}/${UNLOCALIZED_RESOURCES_FOLDER_PATH}/GooglePlaces.bundle",
			);
			runOnlyForDeploymentPostprocessing = 0;
			shellPath = /bin/sh;
			shellScript = "\"${PODS_ROOT}/Target Support Files/Pods-MapIT/Pods-MapIT-resources.sh\"\n";
			showEnvVarsInLog = 0;
		};
		9C810CC9456DB01D9E143EED /* [CP] Check Pods Manifest.lock */ = {
			isa = PBXShellScriptBuildPhase;
			buildActionMask = 2147483647;
			files = (
			);
			inputFileListPaths = (
			);
			inputPaths = (
				"${PODS_PODFILE_DIR_PATH}/Podfile.lock",
				"${PODS_ROOT}/Manifest.lock",
			);
			name = "[CP] Check Pods Manifest.lock";
			outputFileListPaths = (
			);
			outputPaths = (
				"$(DERIVED_FILE_DIR)/Pods-MapIT-checkManifestLockResult.txt",
			);
			runOnlyForDeploymentPostprocessing = 0;
			shellPath = /bin/sh;
			shellScript = "diff \"${PODS_PODFILE_DIR_PATH}/Podfile.lock\" \"${PODS_ROOT}/Manifest.lock\" > /dev/null\nif [ $? != 0 ] ; then\n    # print error to STDERR\n    echo \"error: The sandbox is not in sync with the Podfile.lock. Run 'pod install' or update your CocoaPods installation.\" >&2\n    exit 1\nfi\n# This output is used by Xcode 'outputs' to avoid re-running this script phase.\necho \"SUCCESS\" > \"${SCRIPT_OUTPUT_FILE_0}\"\n";
			showEnvVarsInLog = 0;
		};
		A4185C1EE0A397902907FA47 /* [CP] Embed Pods Frameworks */ = {
			isa = PBXShellScriptBuildPhase;
			buildActionMask = 2147483647;
			files = (
			);
			inputFileListPaths = (
			);
			inputPaths = (
				"${PODS_ROOT}/Target Support Files/Pods-MapIT/Pods-MapIT-frameworks.sh",
				"${BUILT_PRODUCTS_DIR}/DynamicBlurView/DynamicBlurView.framework",
				"${BUILT_PRODUCTS_DIR}/FSCalendar/FSCalendar.framework",
				"${BUILT_PRODUCTS_DIR}/Gemini/Gemini.framework",
				"${BUILT_PRODUCTS_DIR}/GoogleUtilities/GoogleUtilities.framework",
				"${BUILT_PRODUCTS_DIR}/IQKeyboardManagerSwift/IQKeyboardManagerSwift.framework",
				"${BUILT_PRODUCTS_DIR}/JGProgressHUD/JGProgressHUD.framework",
				"${BUILT_PRODUCTS_DIR}/MBProgressHUD/MBProgressHUD.framework",
				"${BUILT_PRODUCTS_DIR}/PopupDialog/PopupDialog.framework",
				"${BUILT_PRODUCTS_DIR}/PullUpController/PullUpController.framework",
				"${BUILT_PRODUCTS_DIR}/RSKPlaceholderTextView/RSKPlaceholderTextView.framework",
				"${BUILT_PRODUCTS_DIR}/SwiftMessages/SwiftMessages.framework",
				"${BUILT_PRODUCTS_DIR}/TextFieldEffects/TextFieldEffects.framework",
				"${BUILT_PRODUCTS_DIR}/lottie-ios/Lottie.framework",
				"${BUILT_PRODUCTS_DIR}/nanopb/nanopb.framework",
			);
			name = "[CP] Embed Pods Frameworks";
			outputFileListPaths = (
			);
			outputPaths = (
				"${TARGET_BUILD_DIR}/${FRAMEWORKS_FOLDER_PATH}/DynamicBlurView.framework",
				"${TARGET_BUILD_DIR}/${FRAMEWORKS_FOLDER_PATH}/FSCalendar.framework",
				"${TARGET_BUILD_DIR}/${FRAMEWORKS_FOLDER_PATH}/Gemini.framework",
				"${TARGET_BUILD_DIR}/${FRAMEWORKS_FOLDER_PATH}/GoogleUtilities.framework",
				"${TARGET_BUILD_DIR}/${FRAMEWORKS_FOLDER_PATH}/IQKeyboardManagerSwift.framework",
				"${TARGET_BUILD_DIR}/${FRAMEWORKS_FOLDER_PATH}/JGProgressHUD.framework",
				"${TARGET_BUILD_DIR}/${FRAMEWORKS_FOLDER_PATH}/MBProgressHUD.framework",
				"${TARGET_BUILD_DIR}/${FRAMEWORKS_FOLDER_PATH}/PopupDialog.framework",
				"${TARGET_BUILD_DIR}/${FRAMEWORKS_FOLDER_PATH}/PullUpController.framework",
				"${TARGET_BUILD_DIR}/${FRAMEWORKS_FOLDER_PATH}/RSKPlaceholderTextView.framework",
				"${TARGET_BUILD_DIR}/${FRAMEWORKS_FOLDER_PATH}/SwiftMessages.framework",
				"${TARGET_BUILD_DIR}/${FRAMEWORKS_FOLDER_PATH}/TextFieldEffects.framework",
				"${TARGET_BUILD_DIR}/${FRAMEWORKS_FOLDER_PATH}/Lottie.framework",
				"${TARGET_BUILD_DIR}/${FRAMEWORKS_FOLDER_PATH}/nanopb.framework",
			);
			runOnlyForDeploymentPostprocessing = 0;
			shellPath = /bin/sh;
			shellScript = "\"${PODS_ROOT}/Target Support Files/Pods-MapIT/Pods-MapIT-frameworks.sh\"\n";
			showEnvVarsInLog = 0;
		};
/* End PBXShellScriptBuildPhase section */

/* Begin PBXSourcesBuildPhase section */
		491169092254563200347310 /* Sources */ = {
			isa = PBXSourcesBuildPhase;
			buildActionMask = 2147483647;
			files = (
				494EB37B225A1D7E00ECCA72 /* AddLocationNameCollectionViewCell.swift in Sources */,
				4911692B22545D0800347310 /* MRTabBarViewController.swift in Sources */,
				49DA06492283C510006BFC09 /* MapManager.swift in Sources */,
				4985372A225B3E3D008CB391 /* RecordTableViewCell.swift in Sources */,
				4911695422583FFD00347310 /* JGProgressHUDWrapper.swift in Sources */,
				49EC6AA52289674900C1A127 /* MapOptionalButtonView.swift in Sources */,
				4911694D22583E0200347310 /* AlertController.swift in Sources */,
				494EB387225A221900ECCA72 /* AddPictureMethodCollectionViewCell.swift in Sources */,
				491169452254653100347310 /* UIStoryboard+Extension.swift in Sources */,
				49EC6AAE228A601200C1A127 /* CoreDataStack.swift in Sources */,
				49DA063D227FE3D5006BFC09 /* MiraMessage.swift in Sources */,
				4911693F2254647400347310 /* MappingViewController.swift in Sources */,
				49853754225C78FA008CB391 /* RecordImageTableViewCell.swift in Sources */,
				49853765225D7964008CB391 /* MapTableViewCell.swift in Sources */,
				497F3C89227D5D49001D12C3 /* UIImage+GIF.swift in Sources */,
				4911695622584C9000347310 /* MBProgressHUDWrapper.swift in Sources */,
				491169472254879B00347310 /* UIColor+Extension.swift in Sources */,
				494EB35B2258D55D00ECCA72 /* StoredMapCViewController.swift in Sources */,
				4911695B2258911B00347310 /* RecordListCViewController.swift in Sources */,
				491169432254648F00347310 /* ProfileViewController.swift in Sources */,
				497AC91E22680143005E8856 /* GradientPathRenderer.swift in Sources */,
				494EB3592258D1AB00ECCA72 /* AddLocationCViewController.swift in Sources */,
				494EB3612259023900ECCA72 /* RouteTableViewCell.swift in Sources */,
				497AC91C22680129005E8856 /* LocationManager.swift in Sources */,
				496111CC2274153A00624802 /* NotificationCenter+Extension.swift in Sources */,
				491169132254563200347310 /* ViewController.swift in Sources */,
				497A057A225D97640010D142 /* SharedOptionViewController.swift in Sources */,
				496111C6226EBADB00624802 /* EditTravelCViewController.swift in Sources */,
				497A0586225DF7E50010D142 /* LoginContainerViewController.swift in Sources */,
				497A0588225DF7FE0010D142 /* SignUpContainerViewController.swift in Sources */,
				497AC91A22680110005E8856 /* FormatDisplay.swift in Sources */,
				49CCC8F32277A26000478B6A /* FullScreenImageViewController.swift in Sources */,
				497A05DD2266C2420010D142 /* PlaceAnnotation.swift in Sources */,
				4981D1B1227DBC8E00D24ED6 /* RecordCollectionViewCell.swift in Sources */,
				4911692E2254614600347310 /* UIImage+Extension.swift in Sources */,
				49DA06452282A725006BFC09 /* LaunchScreen.swift in Sources */,
				4911693C2254645500347310 /* RecordViewController.swift in Sources */,
				494EB36A2259BE2500ECCA72 /* UICollectionView+Extension.swift in Sources */,
				491169492254893E00347310 /* CAGradientLayer+Extension.swift in Sources */,
				49CCC8F52278237800478B6A /* LaunchScreenViewController.swift in Sources */,
				49853761225D773A008CB391 /* EditArticleTableViewCell.swift in Sources */,
				4911694F22583E2400347310 /* NavigationView.swift in Sources */,
				4911694B225489EC00347310 /* Navigation+Extension.swift in Sources */,
				4985372D225B533E008CB391 /* PullUpController.swift in Sources */,
				4977969C228549660087C575 /* RecordDetailSeciton.swift in Sources */,
				49DA06432282A50D006BFC09 /* MiraDialog.swift in Sources */,
				491169412254648200347310 /* NotificationViewController.swift in Sources */,
				497AC92622687D90005E8856 /* Coordinate.swift in Sources */,
				497A0582225DF2990010D142 /* SignInViewController.swift in Sources */,
				4985372F225C2D23008CB391 /* RecordDetailViewController.swift in Sources */,
				494EB36E2259C28000ECCA72 /* RoutePictureCollectionViewCell.swift in Sources */,
				4911693A2254644500347310 /* LobbyViewController.swift in Sources */,
				49853726225B2380008CB391 /* EditLocationCViewController.swift in Sources */,
				491169112254563200347310 /* AppDelegate.swift in Sources */,
				494EB3AB225AF10B00ECCA72 /* AccessPhoto.swift in Sources */,
				49DA064D2283EC18006BFC09 /* MapSearchViewController.swift in Sources */,
				497A057F225DD8C30010D142 /* ProfileCollectionViewCell.swift in Sources */,
				49853769225D7E95008CB391 /* SharedOptionTableViewCell.swift in Sources */,
				497AC92C22698A74005E8856 /* NormalPictureCollectionViewCell.swift in Sources */,
				491169192254563200347310 /* MapIT.xcdatamodeld in Sources */,
				494EB36422599D1700ECCA72 /* UITableView+Extension.swift in Sources */,
				49853758225C791B008CB391 /* RecordDescriptionTableViewCell.swift in Sources */,
			);
			runOnlyForDeploymentPostprocessing = 0;
		};
		497796EA22894ADA0087C575 /* Sources */ = {
			isa = PBXSourcesBuildPhase;
			buildActionMask = 2147483647;
			files = (
				497796F122894ADA0087C575 /* MapITTests.swift in Sources */,
			);
			runOnlyForDeploymentPostprocessing = 0;
		};
/* End PBXSourcesBuildPhase section */

/* Begin PBXTargetDependency section */
		497796F422894ADA0087C575 /* PBXTargetDependency */ = {
			isa = PBXTargetDependency;
			target = 4911690C2254563200347310 /* MapIT */;
			targetProxy = 497796F322894ADA0087C575 /* PBXContainerItemProxy */;
		};
/* End PBXTargetDependency section */

/* Begin PBXVariantGroup section */
		491169142254563200347310 /* Main.storyboard */ = {
			isa = PBXVariantGroup;
			children = (
				491169152254563200347310 /* Base */,
			);
			name = Main.storyboard;
			sourceTree = "<group>";
		};
		4911691C2254563800347310 /* LaunchScreen.storyboard */ = {
			isa = PBXVariantGroup;
			children = (
				4911691D2254563800347310 /* Base */,
			);
			name = LaunchScreen.storyboard;
			sourceTree = "<group>";
		};
/* End PBXVariantGroup section */

/* Begin XCBuildConfiguration section */
		491169202254563800347310 /* Debug */ = {
			isa = XCBuildConfiguration;
			buildSettings = {
				ALWAYS_SEARCH_USER_PATHS = NO;
				CLANG_ANALYZER_NONNULL = YES;
				CLANG_ANALYZER_NUMBER_OBJECT_CONVERSION = YES_AGGRESSIVE;
				CLANG_CXX_LANGUAGE_STANDARD = "gnu++14";
				CLANG_CXX_LIBRARY = "libc++";
				CLANG_ENABLE_MODULES = YES;
				CLANG_ENABLE_OBJC_ARC = YES;
				CLANG_ENABLE_OBJC_WEAK = YES;
				CLANG_WARN_BLOCK_CAPTURE_AUTORELEASING = YES;
				CLANG_WARN_BOOL_CONVERSION = YES;
				CLANG_WARN_COMMA = YES;
				CLANG_WARN_CONSTANT_CONVERSION = YES;
				CLANG_WARN_DEPRECATED_OBJC_IMPLEMENTATIONS = YES;
				CLANG_WARN_DIRECT_OBJC_ISA_USAGE = YES_ERROR;
				CLANG_WARN_DOCUMENTATION_COMMENTS = YES;
				CLANG_WARN_EMPTY_BODY = YES;
				CLANG_WARN_ENUM_CONVERSION = YES;
				CLANG_WARN_INFINITE_RECURSION = YES;
				CLANG_WARN_INT_CONVERSION = YES;
				CLANG_WARN_NON_LITERAL_NULL_CONVERSION = YES;
				CLANG_WARN_OBJC_IMPLICIT_RETAIN_SELF = YES;
				CLANG_WARN_OBJC_LITERAL_CONVERSION = YES;
				CLANG_WARN_OBJC_ROOT_CLASS = YES_ERROR;
				CLANG_WARN_RANGE_LOOP_ANALYSIS = YES;
				CLANG_WARN_STRICT_PROTOTYPES = YES;
				CLANG_WARN_SUSPICIOUS_MOVE = YES;
				CLANG_WARN_UNGUARDED_AVAILABILITY = YES_AGGRESSIVE;
				CLANG_WARN_UNREACHABLE_CODE = YES;
				CLANG_WARN__DUPLICATE_METHOD_MATCH = YES;
				CODE_SIGN_IDENTITY = "iPhone Developer";
				COPY_PHASE_STRIP = NO;
				DEBUG_INFORMATION_FORMAT = "dwarf-with-dsym";
				ENABLE_STRICT_OBJC_MSGSEND = YES;
				ENABLE_TESTABILITY = YES;
				GCC_C_LANGUAGE_STANDARD = gnu11;
				GCC_DYNAMIC_NO_PIC = NO;
				GCC_NO_COMMON_BLOCKS = YES;
				GCC_OPTIMIZATION_LEVEL = 0;
				GCC_PREPROCESSOR_DEFINITIONS = (
					"DEBUG=1",
					"$(inherited)",
				);
				GCC_WARN_64_TO_32_BIT_CONVERSION = YES;
				GCC_WARN_ABOUT_RETURN_TYPE = YES_ERROR;
				GCC_WARN_UNDECLARED_SELECTOR = YES;
				GCC_WARN_UNINITIALIZED_AUTOS = YES_AGGRESSIVE;
				GCC_WARN_UNUSED_FUNCTION = YES;
				GCC_WARN_UNUSED_VARIABLE = YES;
				IPHONEOS_DEPLOYMENT_TARGET = 12.2;
				MTL_ENABLE_DEBUG_INFO = INCLUDE_SOURCE;
				MTL_FAST_MATH = YES;
				ONLY_ACTIVE_ARCH = YES;
				SDKROOT = iphoneos;
				SWIFT_ACTIVE_COMPILATION_CONDITIONS = DEBUG;
				SWIFT_OPTIMIZATION_LEVEL = "-Onone";
			};
			name = Debug;
		};
		491169212254563800347310 /* Release */ = {
			isa = XCBuildConfiguration;
			buildSettings = {
				ALWAYS_SEARCH_USER_PATHS = NO;
				CLANG_ANALYZER_NONNULL = YES;
				CLANG_ANALYZER_NUMBER_OBJECT_CONVERSION = YES_AGGRESSIVE;
				CLANG_CXX_LANGUAGE_STANDARD = "gnu++14";
				CLANG_CXX_LIBRARY = "libc++";
				CLANG_ENABLE_MODULES = YES;
				CLANG_ENABLE_OBJC_ARC = YES;
				CLANG_ENABLE_OBJC_WEAK = YES;
				CLANG_WARN_BLOCK_CAPTURE_AUTORELEASING = YES;
				CLANG_WARN_BOOL_CONVERSION = YES;
				CLANG_WARN_COMMA = YES;
				CLANG_WARN_CONSTANT_CONVERSION = YES;
				CLANG_WARN_DEPRECATED_OBJC_IMPLEMENTATIONS = YES;
				CLANG_WARN_DIRECT_OBJC_ISA_USAGE = YES_ERROR;
				CLANG_WARN_DOCUMENTATION_COMMENTS = YES;
				CLANG_WARN_EMPTY_BODY = YES;
				CLANG_WARN_ENUM_CONVERSION = YES;
				CLANG_WARN_INFINITE_RECURSION = YES;
				CLANG_WARN_INT_CONVERSION = YES;
				CLANG_WARN_NON_LITERAL_NULL_CONVERSION = YES;
				CLANG_WARN_OBJC_IMPLICIT_RETAIN_SELF = YES;
				CLANG_WARN_OBJC_LITERAL_CONVERSION = YES;
				CLANG_WARN_OBJC_ROOT_CLASS = YES_ERROR;
				CLANG_WARN_RANGE_LOOP_ANALYSIS = YES;
				CLANG_WARN_STRICT_PROTOTYPES = YES;
				CLANG_WARN_SUSPICIOUS_MOVE = YES;
				CLANG_WARN_UNGUARDED_AVAILABILITY = YES_AGGRESSIVE;
				CLANG_WARN_UNREACHABLE_CODE = YES;
				CLANG_WARN__DUPLICATE_METHOD_MATCH = YES;
				CODE_SIGN_IDENTITY = "iPhone Developer";
				COPY_PHASE_STRIP = NO;
				DEBUG_INFORMATION_FORMAT = "dwarf-with-dsym";
				ENABLE_NS_ASSERTIONS = NO;
				ENABLE_STRICT_OBJC_MSGSEND = YES;
				GCC_C_LANGUAGE_STANDARD = gnu11;
				GCC_NO_COMMON_BLOCKS = YES;
				GCC_WARN_64_TO_32_BIT_CONVERSION = YES;
				GCC_WARN_ABOUT_RETURN_TYPE = YES_ERROR;
				GCC_WARN_UNDECLARED_SELECTOR = YES;
				GCC_WARN_UNINITIALIZED_AUTOS = YES_AGGRESSIVE;
				GCC_WARN_UNUSED_FUNCTION = YES;
				GCC_WARN_UNUSED_VARIABLE = YES;
				IPHONEOS_DEPLOYMENT_TARGET = 12.2;
				MTL_ENABLE_DEBUG_INFO = NO;
				MTL_FAST_MATH = YES;
				SDKROOT = iphoneos;
				SWIFT_COMPILATION_MODE = wholemodule;
				SWIFT_OPTIMIZATION_LEVEL = "-O";
				VALIDATE_PRODUCT = YES;
			};
			name = Release;
		};
		491169232254563800347310 /* Debug */ = {
			isa = XCBuildConfiguration;
			baseConfigurationReference = 9CE21C79CC1159011AA44483 /* Pods-MapIT.debug.xcconfig */;
			buildSettings = {
				ASSETCATALOG_COMPILER_APPICON_NAME = AppIcon;
				CODE_SIGN_STYLE = Automatic;
				DEVELOPMENT_TEAM = RADQ3WCUY5;
				ENABLE_BITCODE = NO;
				ENABLE_TESTABILITY = YES;
				INFOPLIST_FILE = MapIT/Info.plist;
				IPHONEOS_DEPLOYMENT_TARGET = 11.0;
				LD_RUNPATH_SEARCH_PATHS = (
					"$(inherited)",
					"@executable_path/Frameworks",
				);
				PRODUCT_BUNDLE_IDENTIFIER = Mira.Test.MapIT;
				PRODUCT_NAME = "$(TARGET_NAME)";
				SWIFT_VERSION = 5.0;
				TARGETED_DEVICE_FAMILY = 1;
			};
			name = Debug;
		};
		491169242254563800347310 /* Release */ = {
			isa = XCBuildConfiguration;
			baseConfigurationReference = 4F3B57006F1AFBF3A093EECF /* Pods-MapIT.release.xcconfig */;
			buildSettings = {
				ASSETCATALOG_COMPILER_APPICON_NAME = AppIcon;
				CODE_SIGN_STYLE = Automatic;
				DEVELOPMENT_TEAM = RADQ3WCUY5;
				ENABLE_BITCODE = NO;
				ENABLE_TESTABILITY = YES;
				INFOPLIST_FILE = MapIT/Info.plist;
				IPHONEOS_DEPLOYMENT_TARGET = 11.0;
				LD_RUNPATH_SEARCH_PATHS = (
					"$(inherited)",
					"@executable_path/Frameworks",
				);
				PRODUCT_BUNDLE_IDENTIFIER = Mira.Test.MapIT;
				PRODUCT_NAME = "$(TARGET_NAME)";
				SWIFT_VERSION = 5.0;
				TARGETED_DEVICE_FAMILY = 1;
			};
			name = Release;
		};
		497796F622894ADA0087C575 /* Debug */ = {
			isa = XCBuildConfiguration;
			baseConfigurationReference = F3EF2E736C4D0C834165EEC4 /* Pods-MapITTests.debug.xcconfig */;
			buildSettings = {
				BUNDLE_LOADER = "$(TEST_HOST)";
				CODE_SIGN_STYLE = Automatic;
				DEBUG_INFORMATION_FORMAT = dwarf;
				DEVELOPMENT_TEAM = RADQ3WCUY5;
				ENABLE_TESTABILITY = YES;
				INFOPLIST_FILE = MapITTests/Info.plist;
				LD_RUNPATH_SEARCH_PATHS = (
					"$(inherited)",
					"@executable_path/Frameworks",
					"@loader_path/Frameworks",
				);
				PRODUCT_BUNDLE_IDENTIFIER = Mira.Test.MapITTests;
				PRODUCT_NAME = "$(TARGET_NAME)";
				SWIFT_VERSION = 5.0;
				TARGETED_DEVICE_FAMILY = "1,2";
				TEST_HOST = "$(BUILT_PRODUCTS_DIR)/MapIT.app/MapIT";
			};
			name = Debug;
		};
		497796F722894ADA0087C575 /* Release */ = {
			isa = XCBuildConfiguration;
			baseConfigurationReference = B51980CE6F0E1D9AE616A99C /* Pods-MapITTests.release.xcconfig */;
			buildSettings = {
				BUNDLE_LOADER = "$(TEST_HOST)";
				CODE_SIGN_STYLE = Automatic;
				DEVELOPMENT_TEAM = RADQ3WCUY5;
				ENABLE_TESTABILITY = YES;
				INFOPLIST_FILE = MapITTests/Info.plist;
				LD_RUNPATH_SEARCH_PATHS = (
					"$(inherited)",
					"@executable_path/Frameworks",
					"@loader_path/Frameworks",
				);
				PRODUCT_BUNDLE_IDENTIFIER = Mira.Test.MapITTests;
				PRODUCT_NAME = "$(TARGET_NAME)";
				SWIFT_VERSION = 5.0;
				TARGETED_DEVICE_FAMILY = "1,2";
				TEST_HOST = "$(BUILT_PRODUCTS_DIR)/MapIT.app/MapIT";
			};
			name = Release;
		};
/* End XCBuildConfiguration section */

/* Begin XCConfigurationList section */
		491169082254563200347310 /* Build configuration list for PBXProject "MapIT" */ = {
			isa = XCConfigurationList;
			buildConfigurations = (
				491169202254563800347310 /* Debug */,
				491169212254563800347310 /* Release */,
			);
			defaultConfigurationIsVisible = 0;
			defaultConfigurationName = Release;
		};
		491169222254563800347310 /* Build configuration list for PBXNativeTarget "MapIT" */ = {
			isa = XCConfigurationList;
			buildConfigurations = (
				491169232254563800347310 /* Debug */,
				491169242254563800347310 /* Release */,
			);
			defaultConfigurationIsVisible = 0;
			defaultConfigurationName = Release;
		};
		497796F522894ADA0087C575 /* Build configuration list for PBXNativeTarget "MapITTests" */ = {
			isa = XCConfigurationList;
			buildConfigurations = (
				497796F622894ADA0087C575 /* Debug */,
				497796F722894ADA0087C575 /* Release */,
			);
			defaultConfigurationIsVisible = 0;
			defaultConfigurationName = Release;
		};
/* End XCConfigurationList section */

/* Begin XCVersionGroup section */
		491169172254563200347310 /* MapIT.xcdatamodeld */ = {
			isa = XCVersionGroup;
			children = (
				491169182254563200347310 /* MapIT.xcdatamodel */,
			);
			currentVersion = 491169182254563200347310 /* MapIT.xcdatamodel */;
			path = MapIT.xcdatamodeld;
			sourceTree = "<group>";
			versionGroupType = wrapper.xcdatamodel;
		};
/* End XCVersionGroup section */
	};
	rootObject = 491169052254563200347310 /* Project object */;
}
