// !$*UTF8*$!
{
	archiveVersion = 1;
	classes = {
	};
	objectVersion = 50;
	objects = {

/* Begin PBXBuildFile section */
		491169112254563200347310 /* AppDelegate.swift in Sources */ = {isa = PBXBuildFile; fileRef = 491169102254563200347310 /* AppDelegate.swift */; };
		491169132254563200347310 /* ViewController.swift in Sources */ = {isa = PBXBuildFile; fileRef = 491169122254563200347310 /* ViewController.swift */; };
		491169162254563200347310 /* Main.storyboard in Resources */ = {isa = PBXBuildFile; fileRef = 491169142254563200347310 /* Main.storyboard */; };
		491169192254563200347310 /* MapIT.xcdatamodeld in Sources */ = {isa = PBXBuildFile; fileRef = 491169172254563200347310 /* MapIT.xcdatamodeld */; };
		4911691B2254563800347310 /* Assets.xcassets in Resources */ = {isa = PBXBuildFile; fileRef = 4911691A2254563800347310 /* Assets.xcassets */; };
		4911691E2254563800347310 /* LaunchScreen.storyboard in Resources */ = {isa = PBXBuildFile; fileRef = 4911691C2254563800347310 /* LaunchScreen.storyboard */; };
		4911692B22545D0800347310 /* MRTabBarViewController.swift in Sources */ = {isa = PBXBuildFile; fileRef = 4911692A22545D0800347310 /* MRTabBarViewController.swift */; };
		4911692E2254614600347310 /* UIImage+Extension.swift in Sources */ = {isa = PBXBuildFile; fileRef = 4911692D2254614600347310 /* UIImage+Extension.swift */; };
		491169302254629700347310 /* Lobby.storyboard in Resources */ = {isa = PBXBuildFile; fileRef = 4911692F2254629700347310 /* Lobby.storyboard */; };
		49116932225462E800347310 /* Profile.storyboard in Resources */ = {isa = PBXBuildFile; fileRef = 49116931225462E800347310 /* Profile.storyboard */; };
		491169342254633400347310 /* Mapping.storyboard in Resources */ = {isa = PBXBuildFile; fileRef = 491169332254633400347310 /* Mapping.storyboard */; };
		491169362254634800347310 /* Notification.storyboard in Resources */ = {isa = PBXBuildFile; fileRef = 491169352254634800347310 /* Notification.storyboard */; };
		491169382254639300347310 /* Record.storyboard in Resources */ = {isa = PBXBuildFile; fileRef = 491169372254639300347310 /* Record.storyboard */; };
		4911693A2254644500347310 /* LobbyViewController.swift in Sources */ = {isa = PBXBuildFile; fileRef = 491169392254644500347310 /* LobbyViewController.swift */; };
		4911693C2254645500347310 /* RecordViewController.swift in Sources */ = {isa = PBXBuildFile; fileRef = 4911693B2254645400347310 /* RecordViewController.swift */; };
		4911693F2254647400347310 /* MappingViewController.swift in Sources */ = {isa = PBXBuildFile; fileRef = 4911693E2254647400347310 /* MappingViewController.swift */; };
		491169412254648200347310 /* NotificationViewController.swift in Sources */ = {isa = PBXBuildFile; fileRef = 491169402254648200347310 /* NotificationViewController.swift */; };
		491169432254648F00347310 /* ProfileViewController.swift in Sources */ = {isa = PBXBuildFile; fileRef = 491169422254648F00347310 /* ProfileViewController.swift */; };
		491169452254653100347310 /* UIStoryboard+Extension.swift in Sources */ = {isa = PBXBuildFile; fileRef = 491169442254653100347310 /* UIStoryboard+Extension.swift */; };
		491169472254879B00347310 /* UIColor+Extension.swift in Sources */ = {isa = PBXBuildFile; fileRef = 491169462254879B00347310 /* UIColor+Extension.swift */; };
		491169492254893E00347310 /* CAGradientLayer+Extension.swift in Sources */ = {isa = PBXBuildFile; fileRef = 491169482254893E00347310 /* CAGradientLayer+Extension.swift */; };
		4911694B225489EC00347310 /* Navigation+Extension.swift in Sources */ = {isa = PBXBuildFile; fileRef = 4911694A225489EC00347310 /* Navigation+Extension.swift */; };
		4911694D22583E0200347310 /* AlertController.swift in Sources */ = {isa = PBXBuildFile; fileRef = 4911694C22583E0200347310 /* AlertController.swift */; };
		4911694F22583E2400347310 /* NavigationView.swift in Sources */ = {isa = PBXBuildFile; fileRef = 4911694E22583E2400347310 /* NavigationView.swift */; };
		4911695422583FFD00347310 /* JGProgressHUDWrapper.swift in Sources */ = {isa = PBXBuildFile; fileRef = 4911695322583FFD00347310 /* JGProgressHUDWrapper.swift */; };
		4911695622584C9000347310 /* MBProgressHUDWrapper.swift in Sources */ = {isa = PBXBuildFile; fileRef = 4911695522584C9000347310 /* MBProgressHUDWrapper.swift */; };
		4911695B2258911B00347310 /* RecordListCViewController.swift in Sources */ = {isa = PBXBuildFile; fileRef = 491169592258911B00347310 /* RecordListCViewController.swift */; };
		494EB3552258AF8300ECCA72 /* PullUpController.swift in Sources */ = {isa = PBXBuildFile; fileRef = 494EB3542258AF8300ECCA72 /* PullUpController.swift */; };
		494EB3592258D1AB00ECCA72 /* AddLocationCViewController.swift in Sources */ = {isa = PBXBuildFile; fileRef = 494EB3582258D1AB00ECCA72 /* AddLocationCViewController.swift */; };
		494EB35B2258D55D00ECCA72 /* StoredMapCViewController.swift in Sources */ = {isa = PBXBuildFile; fileRef = 494EB35A2258D55D00ECCA72 /* StoredMapCViewController.swift */; };
		494EB3612259023900ECCA72 /* RouteTableViewCell.swift in Sources */ = {isa = PBXBuildFile; fileRef = 494EB35F2259023900ECCA72 /* RouteTableViewCell.swift */; };
		494EB3622259023900ECCA72 /* RouteTableViewCell.xib in Resources */ = {isa = PBXBuildFile; fileRef = 494EB3602259023900ECCA72 /* RouteTableViewCell.xib */; };
		494EB36422599D1700ECCA72 /* UITableView+Extension.swift in Sources */ = {isa = PBXBuildFile; fileRef = 494EB36322599D1700ECCA72 /* UITableView+Extension.swift */; };
		494EB36A2259BE2500ECCA72 /* UICollectionView+Extension.swift in Sources */ = {isa = PBXBuildFile; fileRef = 494EB3692259BE2500ECCA72 /* UICollectionView+Extension.swift */; };
		494EB36E2259C28000ECCA72 /* RoutePictureCollectionViewCell.swift in Sources */ = {isa = PBXBuildFile; fileRef = 494EB36C2259C28000ECCA72 /* RoutePictureCollectionViewCell.swift */; };
		494EB36F2259C28000ECCA72 /* RoutePictureCollectionViewCell.xib in Resources */ = {isa = PBXBuildFile; fileRef = 494EB36D2259C28000ECCA72 /* RoutePictureCollectionViewCell.xib */; };
		494EB37B225A1D7E00ECCA72 /* AddLocationNameCollectionViewCell.swift in Sources */ = {isa = PBXBuildFile; fileRef = 494EB379225A1D7E00ECCA72 /* AddLocationNameCollectionViewCell.swift */; };
		494EB37C225A1D7E00ECCA72 /* AddLocationNameCollectionViewCell.xib in Resources */ = {isa = PBXBuildFile; fileRef = 494EB37A225A1D7E00ECCA72 /* AddLocationNameCollectionViewCell.xib */; };
		494EB387225A221900ECCA72 /* AddPictureMethodCollectionViewCell.swift in Sources */ = {isa = PBXBuildFile; fileRef = 494EB385225A221900ECCA72 /* AddPictureMethodCollectionViewCell.swift */; };
		494EB388225A221900ECCA72 /* AddPictureMethodCollectionViewCell.xib in Resources */ = {isa = PBXBuildFile; fileRef = 494EB386225A221900ECCA72 /* AddPictureMethodCollectionViewCell.xib */; };
		CFBF5C671C5E300A749F9444 /* Pods_MapIT.framework in Frameworks */ = {isa = PBXBuildFile; fileRef = 2F9182D53B3C8E336590A1F5 /* Pods_MapIT.framework */; };
/* End PBXBuildFile section */

/* Begin PBXFileReference section */
		2F9182D53B3C8E336590A1F5 /* Pods_MapIT.framework */ = {isa = PBXFileReference; explicitFileType = wrapper.framework; includeInIndex = 0; path = Pods_MapIT.framework; sourceTree = BUILT_PRODUCTS_DIR; };
		4911690D2254563200347310 /* MapIT.app */ = {isa = PBXFileReference; explicitFileType = wrapper.application; includeInIndex = 0; path = MapIT.app; sourceTree = BUILT_PRODUCTS_DIR; };
		491169102254563200347310 /* AppDelegate.swift */ = {isa = PBXFileReference; lastKnownFileType = sourcecode.swift; path = AppDelegate.swift; sourceTree = "<group>"; };
		491169122254563200347310 /* ViewController.swift */ = {isa = PBXFileReference; lastKnownFileType = sourcecode.swift; path = ViewController.swift; sourceTree = "<group>"; };
		491169152254563200347310 /* Base */ = {isa = PBXFileReference; lastKnownFileType = file.storyboard; name = Base; path = Base.lproj/Main.storyboard; sourceTree = "<group>"; };
		491169182254563200347310 /* MapIT.xcdatamodel */ = {isa = PBXFileReference; lastKnownFileType = wrapper.xcdatamodel; path = MapIT.xcdatamodel; sourceTree = "<group>"; };
		4911691A2254563800347310 /* Assets.xcassets */ = {isa = PBXFileReference; lastKnownFileType = folder.assetcatalog; path = Assets.xcassets; sourceTree = "<group>"; };
		4911691D2254563800347310 /* Base */ = {isa = PBXFileReference; lastKnownFileType = file.storyboard; name = Base; path = Base.lproj/LaunchScreen.storyboard; sourceTree = "<group>"; };
		4911691F2254563800347310 /* Info.plist */ = {isa = PBXFileReference; lastKnownFileType = text.plist.xml; path = Info.plist; sourceTree = "<group>"; };
		4911692A22545D0800347310 /* MRTabBarViewController.swift */ = {isa = PBXFileReference; lastKnownFileType = sourcecode.swift; path = MRTabBarViewController.swift; sourceTree = "<group>"; };
		4911692D2254614600347310 /* UIImage+Extension.swift */ = {isa = PBXFileReference; lastKnownFileType = sourcecode.swift; path = "UIImage+Extension.swift"; sourceTree = "<group>"; };
		4911692F2254629700347310 /* Lobby.storyboard */ = {isa = PBXFileReference; lastKnownFileType = file.storyboard; path = Lobby.storyboard; sourceTree = "<group>"; };
		49116931225462E800347310 /* Profile.storyboard */ = {isa = PBXFileReference; lastKnownFileType = file.storyboard; path = Profile.storyboard; sourceTree = "<group>"; };
		491169332254633400347310 /* Mapping.storyboard */ = {isa = PBXFileReference; lastKnownFileType = file.storyboard; path = Mapping.storyboard; sourceTree = "<group>"; };
		491169352254634800347310 /* Notification.storyboard */ = {isa = PBXFileReference; lastKnownFileType = file.storyboard; path = Notification.storyboard; sourceTree = "<group>"; };
		491169372254639300347310 /* Record.storyboard */ = {isa = PBXFileReference; lastKnownFileType = file.storyboard; path = Record.storyboard; sourceTree = "<group>"; };
		491169392254644500347310 /* LobbyViewController.swift */ = {isa = PBXFileReference; lastKnownFileType = sourcecode.swift; path = LobbyViewController.swift; sourceTree = "<group>"; };
		4911693B2254645400347310 /* RecordViewController.swift */ = {isa = PBXFileReference; lastKnownFileType = sourcecode.swift; path = RecordViewController.swift; sourceTree = "<group>"; };
		4911693E2254647400347310 /* MappingViewController.swift */ = {isa = PBXFileReference; lastKnownFileType = sourcecode.swift; path = MappingViewController.swift; sourceTree = "<group>"; };
		491169402254648200347310 /* NotificationViewController.swift */ = {isa = PBXFileReference; lastKnownFileType = sourcecode.swift; path = NotificationViewController.swift; sourceTree = "<group>"; };
		491169422254648F00347310 /* ProfileViewController.swift */ = {isa = PBXFileReference; lastKnownFileType = sourcecode.swift; path = ProfileViewController.swift; sourceTree = "<group>"; };
		491169442254653100347310 /* UIStoryboard+Extension.swift */ = {isa = PBXFileReference; lastKnownFileType = sourcecode.swift; path = "UIStoryboard+Extension.swift"; sourceTree = "<group>"; };
		491169462254879B00347310 /* UIColor+Extension.swift */ = {isa = PBXFileReference; lastKnownFileType = sourcecode.swift; path = "UIColor+Extension.swift"; sourceTree = "<group>"; };
		491169482254893E00347310 /* CAGradientLayer+Extension.swift */ = {isa = PBXFileReference; lastKnownFileType = sourcecode.swift; path = "CAGradientLayer+Extension.swift"; sourceTree = "<group>"; };
		4911694A225489EC00347310 /* Navigation+Extension.swift */ = {isa = PBXFileReference; lastKnownFileType = sourcecode.swift; path = "Navigation+Extension.swift"; sourceTree = "<group>"; };
		4911694C22583E0200347310 /* AlertController.swift */ = {isa = PBXFileReference; lastKnownFileType = sourcecode.swift; path = AlertController.swift; sourceTree = "<group>"; };
		4911694E22583E2400347310 /* NavigationView.swift */ = {isa = PBXFileReference; lastKnownFileType = sourcecode.swift; path = NavigationView.swift; sourceTree = "<group>"; };
		4911695322583FFD00347310 /* JGProgressHUDWrapper.swift */ = {isa = PBXFileReference; lastKnownFileType = sourcecode.swift; path = JGProgressHUDWrapper.swift; sourceTree = "<group>"; };
		4911695522584C9000347310 /* MBProgressHUDWrapper.swift */ = {isa = PBXFileReference; lastKnownFileType = sourcecode.swift; path = MBProgressHUDWrapper.swift; sourceTree = "<group>"; };
		491169592258911B00347310 /* RecordListCViewController.swift */ = {isa = PBXFileReference; lastKnownFileType = sourcecode.swift; path = RecordListCViewController.swift; sourceTree = "<group>"; };
		494EB3542258AF8300ECCA72 /* PullUpController.swift */ = {isa = PBXFileReference; fileEncoding = 4; lastKnownFileType = sourcecode.swift; name = PullUpController.swift; path = "../../../../../../../Downloads/PullUpController-master/PullUpController/PullUpController.swift"; sourceTree = "<group>"; };
		494EB3582258D1AB00ECCA72 /* AddLocationCViewController.swift */ = {isa = PBXFileReference; lastKnownFileType = sourcecode.swift; path = AddLocationCViewController.swift; sourceTree = "<group>"; };
		494EB35A2258D55D00ECCA72 /* StoredMapCViewController.swift */ = {isa = PBXFileReference; lastKnownFileType = sourcecode.swift; path = StoredMapCViewController.swift; sourceTree = "<group>"; };
		494EB35F2259023900ECCA72 /* RouteTableViewCell.swift */ = {isa = PBXFileReference; lastKnownFileType = sourcecode.swift; path = RouteTableViewCell.swift; sourceTree = "<group>"; };
		494EB3602259023900ECCA72 /* RouteTableViewCell.xib */ = {isa = PBXFileReference; lastKnownFileType = file.xib; path = RouteTableViewCell.xib; sourceTree = "<group>"; };
		494EB36322599D1700ECCA72 /* UITableView+Extension.swift */ = {isa = PBXFileReference; lastKnownFileType = sourcecode.swift; path = "UITableView+Extension.swift"; sourceTree = "<group>"; };
		494EB3692259BE2500ECCA72 /* UICollectionView+Extension.swift */ = {isa = PBXFileReference; lastKnownFileType = sourcecode.swift; path = "UICollectionView+Extension.swift"; sourceTree = "<group>"; };
		494EB36C2259C28000ECCA72 /* RoutePictureCollectionViewCell.swift */ = {isa = PBXFileReference; lastKnownFileType = sourcecode.swift; path = RoutePictureCollectionViewCell.swift; sourceTree = "<group>"; };
		494EB36D2259C28000ECCA72 /* RoutePictureCollectionViewCell.xib */ = {isa = PBXFileReference; lastKnownFileType = file.xib; path = RoutePictureCollectionViewCell.xib; sourceTree = "<group>"; };
		494EB379225A1D7E00ECCA72 /* AddLocationNameCollectionViewCell.swift */ = {isa = PBXFileReference; lastKnownFileType = sourcecode.swift; path = AddLocationNameCollectionViewCell.swift; sourceTree = "<group>"; };
		494EB37A225A1D7E00ECCA72 /* AddLocationNameCollectionViewCell.xib */ = {isa = PBXFileReference; lastKnownFileType = file.xib; path = AddLocationNameCollectionViewCell.xib; sourceTree = "<group>"; };
		494EB385225A221900ECCA72 /* AddPictureMethodCollectionViewCell.swift */ = {isa = PBXFileReference; lastKnownFileType = sourcecode.swift; path = AddPictureMethodCollectionViewCell.swift; sourceTree = "<group>"; };
		494EB386225A221900ECCA72 /* AddPictureMethodCollectionViewCell.xib */ = {isa = PBXFileReference; lastKnownFileType = file.xib; path = AddPictureMethodCollectionViewCell.xib; sourceTree = "<group>"; };
		4F3B57006F1AFBF3A093EECF /* Pods-MapIT.release.xcconfig */ = {isa = PBXFileReference; includeInIndex = 1; lastKnownFileType = text.xcconfig; name = "Pods-MapIT.release.xcconfig"; path = "Target Support Files/Pods-MapIT/Pods-MapIT.release.xcconfig"; sourceTree = "<group>"; };
		9CE21C79CC1159011AA44483 /* Pods-MapIT.debug.xcconfig */ = {isa = PBXFileReference; includeInIndex = 1; lastKnownFileType = text.xcconfig; name = "Pods-MapIT.debug.xcconfig"; path = "Target Support Files/Pods-MapIT/Pods-MapIT.debug.xcconfig"; sourceTree = "<group>"; };
/* End PBXFileReference section */

/* Begin PBXFrameworksBuildPhase section */
		4911690A2254563200347310 /* Frameworks */ = {
			isa = PBXFrameworksBuildPhase;
			buildActionMask = 2147483647;
			files = (
				CFBF5C671C5E300A749F9444 /* Pods_MapIT.framework in Frameworks */,
			);
			runOnlyForDeploymentPostprocessing = 0;
		};
/* End PBXFrameworksBuildPhase section */

/* Begin PBXGroup section */
		491169042254563200347310 = {
			isa = PBXGroup;
			children = (
				4911690F2254563200347310 /* MapIT */,
				4911690E2254563200347310 /* Products */,
				B70FDB2025C07199BB94CF74 /* Pods */,
				635C7606C42D2FC920CFD63F /* Frameworks */,
			);
			sourceTree = "<group>";
		};
		4911690E2254563200347310 /* Products */ = {
			isa = PBXGroup;
			children = (
				4911690D2254563200347310 /* MapIT.app */,
			);
			name = Products;
			sourceTree = "<group>";
		};
		4911690F2254563200347310 /* MapIT */ = {
			isa = PBXGroup;
			children = (
				4911695222583FEC00347310 /* Third Party Wrapper */,
				4911692C2254613200347310 /* Exrension */,
				4911692722545B5A00347310 /* Controller */,
				4911692622545B4C00347310 /* Model */,
				4911692522545B4300347310 /* View */,
				491169102254563200347310 /* AppDelegate.swift */,
				491169122254563200347310 /* ViewController.swift */,
				4911694C22583E0200347310 /* AlertController.swift */,
				4911694E22583E2400347310 /* NavigationView.swift */,
				4911691A2254563800347310 /* Assets.xcassets */,
				4911691F2254563800347310 /* Info.plist */,
				491169172254563200347310 /* MapIT.xcdatamodeld */,
			);
			path = MapIT;
			sourceTree = "<group>";
		};
		4911692522545B4300347310 /* View */ = {
			isa = PBXGroup;
			children = (
				494EB370225A1A8300ECCA72 /* AddLocation */,
				494EB35E2259020A00ECCA72 /* RouteCell */,
				491169142254563200347310 /* Main.storyboard */,
				4911692F2254629700347310 /* Lobby.storyboard */,
				491169372254639300347310 /* Record.storyboard */,
				491169332254633400347310 /* Mapping.storyboard */,
				491169352254634800347310 /* Notification.storyboard */,
				49116931225462E800347310 /* Profile.storyboard */,
				4911691C2254563800347310 /* LaunchScreen.storyboard */,
			);
			path = View;
			sourceTree = "<group>";
		};
		4911692622545B4C00347310 /* Model */ = {
			isa = PBXGroup;
			children = (
			);
			path = Model;
			sourceTree = "<group>";
		};
		4911692722545B5A00347310 /* Controller */ = {
			isa = PBXGroup;
			children = (
				4911692A22545D0800347310 /* MRTabBarViewController.swift */,
				491169392254644500347310 /* LobbyViewController.swift */,
				4911693B2254645400347310 /* RecordViewController.swift */,
				4911693E2254647400347310 /* MappingViewController.swift */,
				494EB3582258D1AB00ECCA72 /* AddLocationCViewController.swift */,
				491169592258911B00347310 /* RecordListCViewController.swift */,
				494EB35A2258D55D00ECCA72 /* StoredMapCViewController.swift */,
				491169402254648200347310 /* NotificationViewController.swift */,
				491169422254648F00347310 /* ProfileViewController.swift */,
				494EB3542258AF8300ECCA72 /* PullUpController.swift */,
			);
			path = Controller;
			sourceTree = "<group>";
		};
		4911692C2254613200347310 /* Exrension */ = {
			isa = PBXGroup;
			children = (
				4911692D2254614600347310 /* UIImage+Extension.swift */,
				491169442254653100347310 /* UIStoryboard+Extension.swift */,
				491169462254879B00347310 /* UIColor+Extension.swift */,
				494EB36322599D1700ECCA72 /* UITableView+Extension.swift */,
				494EB3692259BE2500ECCA72 /* UICollectionView+Extension.swift */,
				491169482254893E00347310 /* CAGradientLayer+Extension.swift */,
				4911694A225489EC00347310 /* Navigation+Extension.swift */,
			);
			path = Exrension;
			sourceTree = "<group>";
		};
		4911695222583FEC00347310 /* Third Party Wrapper */ = {
			isa = PBXGroup;
			children = (
				4911695322583FFD00347310 /* JGProgressHUDWrapper.swift */,
				4911695522584C9000347310 /* MBProgressHUDWrapper.swift */,
			);
			path = "Third Party Wrapper";
			sourceTree = "<group>";
		};
		494EB35E2259020A00ECCA72 /* RouteCell */ = {
			isa = PBXGroup;
			children = (
				494EB35F2259023900ECCA72 /* RouteTableViewCell.swift */,
				494EB3602259023900ECCA72 /* RouteTableViewCell.xib */,
				494EB36C2259C28000ECCA72 /* RoutePictureCollectionViewCell.swift */,
				494EB36D2259C28000ECCA72 /* RoutePictureCollectionViewCell.xib */,
			);
			path = RouteCell;
			sourceTree = "<group>";
		};
		494EB370225A1A8300ECCA72 /* AddLocation */ = {
			isa = PBXGroup;
			children = (
				494EB379225A1D7E00ECCA72 /* AddLocationNameCollectionViewCell.swift */,
				494EB37A225A1D7E00ECCA72 /* AddLocationNameCollectionViewCell.xib */,
				494EB385225A221900ECCA72 /* AddPictureMethodCollectionViewCell.swift */,
				494EB386225A221900ECCA72 /* AddPictureMethodCollectionViewCell.xib */,
			);
			path = AddLocation;
			sourceTree = "<group>";
		};
		635C7606C42D2FC920CFD63F /* Frameworks */ = {
			isa = PBXGroup;
			children = (
				2F9182D53B3C8E336590A1F5 /* Pods_MapIT.framework */,
			);
			name = Frameworks;
			sourceTree = "<group>";
		};
		B70FDB2025C07199BB94CF74 /* Pods */ = {
			isa = PBXGroup;
			children = (
				9CE21C79CC1159011AA44483 /* Pods-MapIT.debug.xcconfig */,
				4F3B57006F1AFBF3A093EECF /* Pods-MapIT.release.xcconfig */,
			);
			path = Pods;
			sourceTree = "<group>";
		};
/* End PBXGroup section */

/* Begin PBXNativeTarget section */
		4911690C2254563200347310 /* MapIT */ = {
			isa = PBXNativeTarget;
			buildConfigurationList = 491169222254563800347310 /* Build configuration list for PBXNativeTarget "MapIT" */;
			buildPhases = (
				9C810CC9456DB01D9E143EED /* [CP] Check Pods Manifest.lock */,
				491169092254563200347310 /* Sources */,
				4911690A2254563200347310 /* Frameworks */,
				4911690B2254563200347310 /* Resources */,
				5E2C9E223BD4857ADB494F7E /* [CP] Copy Pods Resources */,
				A4185C1EE0A397902907FA47 /* [CP] Embed Pods Frameworks */,
			);
			buildRules = (
			);
			dependencies = (
			);
			name = MapIT;
			productName = MapIT;
			productReference = 4911690D2254563200347310 /* MapIT.app */;
			productType = "com.apple.product-type.application";
		};
/* End PBXNativeTarget section */

/* Begin PBXProject section */
		491169052254563200347310 /* Project object */ = {
			isa = PBXProject;
			attributes = {
				LastSwiftUpdateCheck = 1020;
				LastUpgradeCheck = 1020;
				ORGANIZATIONNAME = AppWork;
				TargetAttributes = {
					4911690C2254563200347310 = {
						CreatedOnToolsVersion = 10.2;
					};
				};
			};
			buildConfigurationList = 491169082254563200347310 /* Build configuration list for PBXProject "MapIT" */;
			compatibilityVersion = "Xcode 9.3";
			developmentRegion = en;
			hasScannedForEncodings = 0;
			knownRegions = (
				en,
				Base,
			);
			mainGroup = 491169042254563200347310;
			productRefGroup = 4911690E2254563200347310 /* Products */;
			projectDirPath = "";
			projectRoot = "";
			targets = (
				4911690C2254563200347310 /* MapIT */,
			);
		};
/* End PBXProject section */

/* Begin PBXResourcesBuildPhase section */
		4911690B2254563200347310 /* Resources */ = {
			isa = PBXResourcesBuildPhase;
			buildActionMask = 2147483647;
			files = (
				4911691E2254563800347310 /* LaunchScreen.storyboard in Resources */,
				4911691B2254563800347310 /* Assets.xcassets in Resources */,
				494EB3622259023900ECCA72 /* RouteTableViewCell.xib in Resources */,
				49116932225462E800347310 /* Profile.storyboard in Resources */,
				491169162254563200347310 /* Main.storyboard in Resources */,
				494EB36F2259C28000ECCA72 /* RoutePictureCollectionViewCell.xib in Resources */,
				491169302254629700347310 /* Lobby.storyboard in Resources */,
				491169342254633400347310 /* Mapping.storyboard in Resources */,
				494EB37C225A1D7E00ECCA72 /* AddLocationNameCollectionViewCell.xib in Resources */,
				494EB388225A221900ECCA72 /* AddPictureMethodCollectionViewCell.xib in Resources */,
				491169362254634800347310 /* Notification.storyboard in Resources */,
				491169382254639300347310 /* Record.storyboard in Resources */,
			);
			runOnlyForDeploymentPostprocessing = 0;
		};
/* End PBXResourcesBuildPhase section */

/* Begin PBXShellScriptBuildPhase section */
		5E2C9E223BD4857ADB494F7E /* [CP] Copy Pods Resources */ = {
			isa = PBXShellScriptBuildPhase;
			buildActionMask = 2147483647;
			files = (
			);
			inputFileListPaths = (
			);
			inputPaths = (
				"${PODS_ROOT}/Target Support Files/Pods-MapIT/Pods-MapIT-resources.sh",
				"${PODS_ROOT}/GoogleMaps/Maps/Frameworks/GoogleMaps.framework/Resources/GoogleMaps.bundle",
				"${PODS_ROOT}/GooglePlaces/Frameworks/GooglePlaces.framework/Resources/GooglePlaces.bundle",
			);
			name = "[CP] Copy Pods Resources";
			outputFileListPaths = (
			);
			outputPaths = (
				"${TARGET_BUILD_DIR}/${UNLOCALIZED_RESOURCES_FOLDER_PATH}/GoogleMaps.bundle",
				"${TARGET_BUILD_DIR}/${UNLOCALIZED_RESOURCES_FOLDER_PATH}/GooglePlaces.bundle",
			);
			runOnlyForDeploymentPostprocessing = 0;
			shellPath = /bin/sh;
			shellScript = "\"${PODS_ROOT}/Target Support Files/Pods-MapIT/Pods-MapIT-resources.sh\"\n";
			showEnvVarsInLog = 0;
		};
		9C810CC9456DB01D9E143EED /* [CP] Check Pods Manifest.lock */ = {
			isa = PBXShellScriptBuildPhase;
			buildActionMask = 2147483647;
			files = (
			);
			inputFileListPaths = (
			);
			inputPaths = (
				"${PODS_PODFILE_DIR_PATH}/Podfile.lock",
				"${PODS_ROOT}/Manifest.lock",
			);
			name = "[CP] Check Pods Manifest.lock";
			outputFileListPaths = (
			);
			outputPaths = (
				"$(DERIVED_FILE_DIR)/Pods-MapIT-checkManifestLockResult.txt",
			);
			runOnlyForDeploymentPostprocessing = 0;
			shellPath = /bin/sh;
			shellScript = "diff \"${PODS_PODFILE_DIR_PATH}/Podfile.lock\" \"${PODS_ROOT}/Manifest.lock\" > /dev/null\nif [ $? != 0 ] ; then\n    # print error to STDERR\n    echo \"error: The sandbox is not in sync with the Podfile.lock. Run 'pod install' or update your CocoaPods installation.\" >&2\n    exit 1\nfi\n# This output is used by Xcode 'outputs' to avoid re-running this script phase.\necho \"SUCCESS\" > \"${SCRIPT_OUTPUT_FILE_0}\"\n";
			showEnvVarsInLog = 0;
		};
		A4185C1EE0A397902907FA47 /* [CP] Embed Pods Frameworks */ = {
			isa = PBXShellScriptBuildPhase;
			buildActionMask = 2147483647;
			files = (
			);
			inputFileListPaths = (
			);
			inputPaths = (
				"${PODS_ROOT}/Target Support Files/Pods-MapIT/Pods-MapIT-frameworks.sh",
				"${BUILT_PRODUCTS_DIR}/JGProgressHUD/JGProgressHUD.framework",
				"${BUILT_PRODUCTS_DIR}/MBProgressHUD/MBProgressHUD.framework",
				"${BUILT_PRODUCTS_DIR}/PullUpController/PullUpController.framework",
			);
			name = "[CP] Embed Pods Frameworks";
			outputFileListPaths = (
			);
			outputPaths = (
				"${TARGET_BUILD_DIR}/${FRAMEWORKS_FOLDER_PATH}/JGProgressHUD.framework",
				"${TARGET_BUILD_DIR}/${FRAMEWORKS_FOLDER_PATH}/MBProgressHUD.framework",
				"${TARGET_BUILD_DIR}/${FRAMEWORKS_FOLDER_PATH}/PullUpController.framework",
			);
			runOnlyForDeploymentPostprocessing = 0;
			shellPath = /bin/sh;
			shellScript = "\"${PODS_ROOT}/Target Support Files/Pods-MapIT/Pods-MapIT-frameworks.sh\"\n";
			showEnvVarsInLog = 0;
		};
/* End PBXShellScriptBuildPhase section */

/* Begin PBXSourcesBuildPhase section */
		491169092254563200347310 /* Sources */ = {
			isa = PBXSourcesBuildPhase;
			buildActionMask = 2147483647;
			files = (
				494EB37B225A1D7E00ECCA72 /* AddLocationNameCollectionViewCell.swift in Sources */,
				4911692B22545D0800347310 /* MRTabBarViewController.swift in Sources */,
				4911695422583FFD00347310 /* JGProgressHUDWrapper.swift in Sources */,
				4911694D22583E0200347310 /* AlertController.swift in Sources */,
				494EB387225A221900ECCA72 /* AddPictureMethodCollectionViewCell.swift in Sources */,
				494EB3552258AF8300ECCA72 /* PullUpController.swift in Sources */,
				491169452254653100347310 /* UIStoryboard+Extension.swift in Sources */,
				4911693F2254647400347310 /* MappingViewController.swift in Sources */,
				4911695622584C9000347310 /* MBProgressHUDWrapper.swift in Sources */,
				491169472254879B00347310 /* UIColor+Extension.swift in Sources */,
				494EB35B2258D55D00ECCA72 /* StoredMapCViewController.swift in Sources */,
				4911695B2258911B00347310 /* RecordListCViewController.swift in Sources */,
				491169432254648F00347310 /* ProfileViewController.swift in Sources */,
				494EB3592258D1AB00ECCA72 /* AddLocationCViewController.swift in Sources */,
				494EB3612259023900ECCA72 /* RouteTableViewCell.swift in Sources */,
				491169132254563200347310 /* ViewController.swift in Sources */,
				4911692E2254614600347310 /* UIImage+Extension.swift in Sources */,
				4911693C2254645500347310 /* RecordViewController.swift in Sources */,
				494EB36A2259BE2500ECCA72 /* UICollectionView+Extension.swift in Sources */,
				491169492254893E00347310 /* CAGradientLayer+Extension.swift in Sources */,
				4911694F22583E2400347310 /* NavigationView.swift in Sources */,
				4911694B225489EC00347310 /* Navigation+Extension.swift in Sources */,
				491169412254648200347310 /* NotificationViewController.swift in Sources */,
				494EB36E2259C28000ECCA72 /* RoutePictureCollectionViewCell.swift in Sources */,
				4911693A2254644500347310 /* LobbyViewController.swift in Sources */,
				491169112254563200347310 /* AppDelegate.swift in Sources */,
				491169192254563200347310 /* MapIT.xcdatamodeld in Sources */,
				494EB36422599D1700ECCA72 /* UITableView+Extension.swift in Sources */,
			);
			runOnlyForDeploymentPostprocessing = 0;
		};
/* End PBXSourcesBuildPhase section */

/* Begin PBXVariantGroup section */
		491169142254563200347310 /* Main.storyboard */ = {
			isa = PBXVariantGroup;
			children = (
				491169152254563200347310 /* Base */,
			);
			name = Main.storyboard;
			sourceTree = "<group>";
		};
		4911691C2254563800347310 /* LaunchScreen.storyboard */ = {
			isa = PBXVariantGroup;
			children = (
				4911691D2254563800347310 /* Base */,
			);
			name = LaunchScreen.storyboard;
			sourceTree = "<group>";
		};
/* End PBXVariantGroup section */

/* Begin XCBuildConfiguration section */
		491169202254563800347310 /* Debug */ = {
			isa = XCBuildConfiguration;
			buildSettings = {
				ALWAYS_SEARCH_USER_PATHS = NO;
				CLANG_ANALYZER_NONNULL = YES;
				CLANG_ANALYZER_NUMBER_OBJECT_CONVERSION = YES_AGGRESSIVE;
				CLANG_CXX_LANGUAGE_STANDARD = "gnu++14";
				CLANG_CXX_LIBRARY = "libc++";
				CLANG_ENABLE_MODULES = YES;
				CLANG_ENABLE_OBJC_ARC = YES;
				CLANG_ENABLE_OBJC_WEAK = YES;
				CLANG_WARN_BLOCK_CAPTURE_AUTORELEASING = YES;
				CLANG_WARN_BOOL_CONVERSION = YES;
				CLANG_WARN_COMMA = YES;
				CLANG_WARN_CONSTANT_CONVERSION = YES;
				CLANG_WARN_DEPRECATED_OBJC_IMPLEMENTATIONS = YES;
				CLANG_WARN_DIRECT_OBJC_ISA_USAGE = YES_ERROR;
				CLANG_WARN_DOCUMENTATION_COMMENTS = YES;
				CLANG_WARN_EMPTY_BODY = YES;
				CLANG_WARN_ENUM_CONVERSION = YES;
				CLANG_WARN_INFINITE_RECURSION = YES;
				CLANG_WARN_INT_CONVERSION = YES;
				CLANG_WARN_NON_LITERAL_NULL_CONVERSION = YES;
				CLANG_WARN_OBJC_IMPLICIT_RETAIN_SELF = YES;
				CLANG_WARN_OBJC_LITERAL_CONVERSION = YES;
				CLANG_WARN_OBJC_ROOT_CLASS = YES_ERROR;
				CLANG_WARN_RANGE_LOOP_ANALYSIS = YES;
				CLANG_WARN_STRICT_PROTOTYPES = YES;
				CLANG_WARN_SUSPICIOUS_MOVE = YES;
				CLANG_WARN_UNGUARDED_AVAILABILITY = YES_AGGRESSIVE;
				CLANG_WARN_UNREACHABLE_CODE = YES;
				CLANG_WARN__DUPLICATE_METHOD_MATCH = YES;
				CODE_SIGN_IDENTITY = "iPhone Developer";
				COPY_PHASE_STRIP = NO;
				DEBUG_INFORMATION_FORMAT = dwarf;
				ENABLE_STRICT_OBJC_MSGSEND = YES;
				ENABLE_TESTABILITY = YES;
				GCC_C_LANGUAGE_STANDARD = gnu11;
				GCC_DYNAMIC_NO_PIC = NO;
				GCC_NO_COMMON_BLOCKS = YES;
				GCC_OPTIMIZATION_LEVEL = 0;
				GCC_PREPROCESSOR_DEFINITIONS = (
					"DEBUG=1",
					"$(inherited)",
				);
				GCC_WARN_64_TO_32_BIT_CONVERSION = YES;
				GCC_WARN_ABOUT_RETURN_TYPE = YES_ERROR;
				GCC_WARN_UNDECLARED_SELECTOR = YES;
				GCC_WARN_UNINITIALIZED_AUTOS = YES_AGGRESSIVE;
				GCC_WARN_UNUSED_FUNCTION = YES;
				GCC_WARN_UNUSED_VARIABLE = YES;
				IPHONEOS_DEPLOYMENT_TARGET = 12.2;
				MTL_ENABLE_DEBUG_INFO = INCLUDE_SOURCE;
				MTL_FAST_MATH = YES;
				ONLY_ACTIVE_ARCH = YES;
				SDKROOT = iphoneos;
				SWIFT_ACTIVE_COMPILATION_CONDITIONS = DEBUG;
				SWIFT_OPTIMIZATION_LEVEL = "-Onone";
			};
			name = Debug;
		};
		491169212254563800347310 /* Release */ = {
			isa = XCBuildConfiguration;
			buildSettings = {
				ALWAYS_SEARCH_USER_PATHS = NO;
				CLANG_ANALYZER_NONNULL = YES;
				CLANG_ANALYZER_NUMBER_OBJECT_CONVERSION = YES_AGGRESSIVE;
				CLANG_CXX_LANGUAGE_STANDARD = "gnu++14";
				CLANG_CXX_LIBRARY = "libc++";
				CLANG_ENABLE_MODULES = YES;
				CLANG_ENABLE_OBJC_ARC = YES;
				CLANG_ENABLE_OBJC_WEAK = YES;
				CLANG_WARN_BLOCK_CAPTURE_AUTORELEASING = YES;
				CLANG_WARN_BOOL_CONVERSION = YES;
				CLANG_WARN_COMMA = YES;
				CLANG_WARN_CONSTANT_CONVERSION = YES;
				CLANG_WARN_DEPRECATED_OBJC_IMPLEMENTATIONS = YES;
				CLANG_WARN_DIRECT_OBJC_ISA_USAGE = YES_ERROR;
				CLANG_WARN_DOCUMENTATION_COMMENTS = YES;
				CLANG_WARN_EMPTY_BODY = YES;
				CLANG_WARN_ENUM_CONVERSION = YES;
				CLANG_WARN_INFINITE_RECURSION = YES;
				CLANG_WARN_INT_CONVERSION = YES;
				CLANG_WARN_NON_LITERAL_NULL_CONVERSION = YES;
				CLANG_WARN_OBJC_IMPLICIT_RETAIN_SELF = YES;
				CLANG_WARN_OBJC_LITERAL_CONVERSION = YES;
				CLANG_WARN_OBJC_ROOT_CLASS = YES_ERROR;
				CLANG_WARN_RANGE_LOOP_ANALYSIS = YES;
				CLANG_WARN_STRICT_PROTOTYPES = YES;
				CLANG_WARN_SUSPICIOUS_MOVE = YES;
				CLANG_WARN_UNGUARDED_AVAILABILITY = YES_AGGRESSIVE;
				CLANG_WARN_UNREACHABLE_CODE = YES;
				CLANG_WARN__DUPLICATE_METHOD_MATCH = YES;
				CODE_SIGN_IDENTITY = "iPhone Developer";
				COPY_PHASE_STRIP = NO;
				DEBUG_INFORMATION_FORMAT = "dwarf-with-dsym";
				ENABLE_NS_ASSERTIONS = NO;
				ENABLE_STRICT_OBJC_MSGSEND = YES;
				GCC_C_LANGUAGE_STANDARD = gnu11;
				GCC_NO_COMMON_BLOCKS = YES;
				GCC_WARN_64_TO_32_BIT_CONVERSION = YES;
				GCC_WARN_ABOUT_RETURN_TYPE = YES_ERROR;
				GCC_WARN_UNDECLARED_SELECTOR = YES;
				GCC_WARN_UNINITIALIZED_AUTOS = YES_AGGRESSIVE;
				GCC_WARN_UNUSED_FUNCTION = YES;
				GCC_WARN_UNUSED_VARIABLE = YES;
				IPHONEOS_DEPLOYMENT_TARGET = 12.2;
				MTL_ENABLE_DEBUG_INFO = NO;
				MTL_FAST_MATH = YES;
				SDKROOT = iphoneos;
				SWIFT_COMPILATION_MODE = wholemodule;
				SWIFT_OPTIMIZATION_LEVEL = "-O";
				VALIDATE_PRODUCT = YES;
			};
			name = Release;
		};
		491169232254563800347310 /* Debug */ = {
			isa = XCBuildConfiguration;
			baseConfigurationReference = 9CE21C79CC1159011AA44483 /* Pods-MapIT.debug.xcconfig */;
			buildSettings = {
				ASSETCATALOG_COMPILER_APPICON_NAME = AppIcon;
				CODE_SIGN_STYLE = Automatic;
				DEVELOPMENT_TEAM = RADQ3WCUY5;
				INFOPLIST_FILE = MapIT/Info.plist;
				IPHONEOS_DEPLOYMENT_TARGET = 12.0;
				LD_RUNPATH_SEARCH_PATHS = (
					"$(inherited)",
					"@executable_path/Frameworks",
				);
				PRODUCT_BUNDLE_IDENTIFIER = Mira.Test.MapIT;
				PRODUCT_NAME = "$(TARGET_NAME)";
				SWIFT_VERSION = 5.0;
				TARGETED_DEVICE_FAMILY = "1,2";
			};
			name = Debug;
		};
		491169242254563800347310 /* Release */ = {
			isa = XCBuildConfiguration;
			baseConfigurationReference = 4F3B57006F1AFBF3A093EECF /* Pods-MapIT.release.xcconfig */;
			buildSettings = {
				ASSETCATALOG_COMPILER_APPICON_NAME = AppIcon;
				CODE_SIGN_STYLE = Automatic;
				DEVELOPMENT_TEAM = RADQ3WCUY5;
				INFOPLIST_FILE = MapIT/Info.plist;
				IPHONEOS_DEPLOYMENT_TARGET = 12.0;
				LD_RUNPATH_SEARCH_PATHS = (
					"$(inherited)",
					"@executable_path/Frameworks",
				);
				PRODUCT_BUNDLE_IDENTIFIER = Mira.Test.MapIT;
				PRODUCT_NAME = "$(TARGET_NAME)";
				SWIFT_VERSION = 5.0;
				TARGETED_DEVICE_FAMILY = "1,2";
			};
			name = Release;
		};
/* End XCBuildConfiguration section */

/* Begin XCConfigurationList section */
		491169082254563200347310 /* Build configuration list for PBXProject "MapIT" */ = {
			isa = XCConfigurationList;
			buildConfigurations = (
				491169202254563800347310 /* Debug */,
				491169212254563800347310 /* Release */,
			);
			defaultConfigurationIsVisible = 0;
			defaultConfigurationName = Release;
		};
		491169222254563800347310 /* Build configuration list for PBXNativeTarget "MapIT" */ = {
			isa = XCConfigurationList;
			buildConfigurations = (
				491169232254563800347310 /* Debug */,
				491169242254563800347310 /* Release */,
			);
			defaultConfigurationIsVisible = 0;
			defaultConfigurationName = Release;
		};
/* End XCConfigurationList section */

/* Begin XCVersionGroup section */
		491169172254563200347310 /* MapIT.xcdatamodeld */ = {
			isa = XCVersionGroup;
			children = (
				491169182254563200347310 /* MapIT.xcdatamodel */,
			);
			currentVersion = 491169182254563200347310 /* MapIT.xcdatamodel */;
			path = MapIT.xcdatamodeld;
			sourceTree = "<group>";
			versionGroupType = wrapper.xcdatamodel;
		};
/* End XCVersionGroup section */
	};
	rootObject = 491169052254563200347310 /* Project object */;
}
